<?xml version="1.0" encoding="utf-8"?>
<Project ToolsVersion="4.0" xmlns="http://schemas.microsoft.com/developer/msbuild/2003">
  <ItemGroup>
    <Filter Include="Source Files">
      <UniqueIdentifier>{4FC737F1-C7A5-4376-A066-2A32D752A2FF}</UniqueIdentifier>
      <Extensions>cpp;c;cc;cxx;def;odl;idl;hpj;bat;asm;asmx</Extensions>
    </Filter>
    <Filter Include="Header Files">
      <UniqueIdentifier>{93995380-89BD-4b04-88EB-625FBE52EBFB}</UniqueIdentifier>
      <Extensions>h;hpp;hxx;hm;inl;inc;xsd</Extensions>
    </Filter>
    <Filter Include="Header Files\aalsdk">
      <UniqueIdentifier>{21b0922a-6d14-4eb3-a60a-6d83ce349be4}</UniqueIdentifier>
    </Filter>
    <Filter Include="Header Files\aalsdk\registrar">
      <UniqueIdentifier>{4fe0f2f5-2e2a-44ba-b807-1d27f7f9d10c}</UniqueIdentifier>
    </Filter>
  </ItemGroup>
  <ItemGroup>
    <ClCompile Include="..\AASRegistrar.cpp">
      <Filter>Source Files</Filter>
    </ClCompile>
    <ClCompile Include="..\CAASRegistrar.cpp">
      <Filter>Source Files</Filter>
    </ClCompile>
    <ClCompile Include="..\RegDBStub.cpp">
      <Filter>Source Files</Filter>
    </ClCompile>
  </ItemGroup>
  <ItemGroup>
    <ClInclude Include="..\..\..\include\aalsdk\registrar\AASRegistrar.h">
      <Filter>Header Files\aalsdk\registrar</Filter>
    </ClInclude>
    <ClInclude Include="..\..\..\include\aalsdk\registrar\CAASRegistrar.h">
      <Filter>Header Files\aalsdk\registrar</Filter>
    </ClInclude>
    <ClInclude Include="..\..\..\include\aalsdk\registrar\RegDBProxy.h">
      <Filter>Header Files\aalsdk\registrar</Filter>
    </ClInclude>
    <ClInclude Include="..\..\..\include\aalsdk\registrar\RegDBStub.h">
      <Filter>Header Files\aalsdk\registrar</Filter>
    </ClInclude>
  </ItemGroup>
</Project>