
Microsoft Visual Studio Solution File, Format Version 12.00
# Visual Studio 2013
VisualStudioVersion = 12.0.30501.0
MinimumVisualStudioVersion = 10.0.40219.1
Project("{8BC9CEB8-8B4A-11D0-8D11-00A0C91BC942}") = "aalkernel Package", "aalkernel\aalkernel Package\aalkernel Package.vcxproj", "{2B8DAB06-57BF-4F3E-AB0A-1417CBBAA702}"
EndProject
Project("{8BC9CEB8-8B4A-11D0-8D11-00A0C91BC942}") = "aalkernel", "aalkernel\aalkernel.vcxproj", "{D924EDBD-8379-4D56-9485-B5BB8BA6250E}"
EndProject
Project("{8BC9CEB8-8B4A-11D0-8D11-00A0C91BC942}") = "substitute", "substitute\substitute.vcxproj", "{B5633A5B-A64E-4EF9-BFC2-5069502EE175}"
EndProject
Project("{8BC9CEB8-8B4A-11D0-8D11-00A0C91BC942}") = "libOSAL", "aaluser\aas\OSAL\libOSAL.vcxproj", "{4C7A6B0B-E7CD-4866-B642-1909495B8682}"
	ProjectSection(ProjectDependencies) = postProject
		{B5633A5B-A64E-4EF9-BFC2-5069502EE175} = {B5633A5B-A64E-4EF9-BFC2-5069502EE175}
	EndProjectSection
EndProject
Project("{8BC9CEB8-8B4A-11D0-8D11-00A0C91BC942}") = "libAAS", "aaluser\aas\AASLib\libAAS.vcxproj", "{22D82DC4-66CE-4D75-960F-CD0A5A40C519}"
	ProjectSection(ProjectDependencies) = postProject
		{4C7A6B0B-E7CD-4866-B642-1909495B8682} = {4C7A6B0B-E7CD-4866-B642-1909495B8682}
	EndProjectSection
EndProject
Project("{8BC9CEB8-8B4A-11D0-8D11-00A0C91BC942}") = "libAALRuntime", "aaluser\aas\AALRuntime\libxlrt.vcxproj", "{314AD84F-1736-415A-98BD-33129F049FE3}"
	ProjectSection(ProjectDependencies) = postProject
		{4C7A6B0B-E7CD-4866-B642-1909495B8682} = {4C7A6B0B-E7CD-4866-B642-1909495B8682}
		{22D82DC4-66CE-4D75-960F-CD0A5A40C519} = {22D82DC4-66CE-4D75-960F-CD0A5A40C519}
	EndProjectSection
EndProject
Project("{2150E333-8FDC-42A3-9474-1A3956D46DE8}") = "aalsamples", "aalsamples", "{C369587E-7056-43FC-9074-0C995B5F0A4C}"
EndProject
Project("{8BC9CEB8-8B4A-11D0-8D11-00A0C91BC942}") = "helloaal", "aalsamples\Hello_AAL\SW\helloaal.vcxproj", "{96DAFD4D-1135-4A9C-AFAF-FE4265C65E72}"
	ProjectSection(ProjectDependencies) = postProject
		{4C7A6B0B-E7CD-4866-B642-1909495B8682} = {4C7A6B0B-E7CD-4866-B642-1909495B8682}
		{314AD84F-1736-415A-98BD-33129F049FE3} = {314AD84F-1736-415A-98BD-33129F049FE3}
		{22D82DC4-66CE-4D75-960F-CD0A5A40C519} = {22D82DC4-66CE-4D75-960F-CD0A5A40C519}
	EndProjectSection
EndProject
Project("{8BC9CEB8-8B4A-11D0-8D11-00A0C91BC942}") = "hello_aal_service", "aalsamples\Hello_AAL_Service\SW\hello_aal_service.vcxproj", "{EE38596E-ED07-49D2-8705-C0FC3DA49B46}"
	ProjectSection(ProjectDependencies) = postProject
		{4C7A6B0B-E7CD-4866-B642-1909495B8682} = {4C7A6B0B-E7CD-4866-B642-1909495B8682}
		{22D82DC4-66CE-4D75-960F-CD0A5A40C519} = {22D82DC4-66CE-4D75-960F-CD0A5A40C519}
	EndProjectSection
EndProject
Global
	GlobalSection(SolutionConfigurationPlatforms) = preSolution
		Debug|Mixed Platforms = Debug|Mixed Platforms
		Debug|Win32 = Debug|Win32
		Debug|x64 = Debug|x64
		Release|Mixed Platforms = Release|Mixed Platforms
		Release|Win32 = Release|Win32
		Release|x64 = Release|x64
		Win7 Debug|Mixed Platforms = Win7 Debug|Mixed Platforms
		Win7 Debug|Win32 = Win7 Debug|Win32
		Win7 Debug|x64 = Win7 Debug|x64
		Win7 Release|Mixed Platforms = Win7 Release|Mixed Platforms
		Win7 Release|Win32 = Win7 Release|Win32
		Win7 Release|x64 = Win7 Release|x64
		Win8 Debug|Mixed Platforms = Win8 Debug|Mixed Platforms
		Win8 Debug|Win32 = Win8 Debug|Win32
		Win8 Debug|x64 = Win8 Debug|x64
		Win8 Release|Mixed Platforms = Win8 Release|Mixed Platforms
		Win8 Release|Win32 = Win8 Release|Win32
		Win8 Release|x64 = Win8 Release|x64
		Win8.1 Debug|Mixed Platforms = Win8.1 Debug|Mixed Platforms
		Win8.1 Debug|Win32 = Win8.1 Debug|Win32
		Win8.1 Debug|x64 = Win8.1 Debug|x64
		Win8.1 Release|Mixed Platforms = Win8.1 Release|Mixed Platforms
		Win8.1 Release|Win32 = Win8.1 Release|Win32
		Win8.1 Release|x64 = Win8.1 Release|x64
	EndGlobalSection
	GlobalSection(ProjectConfigurationPlatforms) = postSolution
		{2B8DAB06-57BF-4F3E-AB0A-1417CBBAA702}.Debug|Mixed Platforms.ActiveCfg = Win8 Debug|Win32
		{2B8DAB06-57BF-4F3E-AB0A-1417CBBAA702}.Debug|Mixed Platforms.Build.0 = Win8 Debug|Win32
		{2B8DAB06-57BF-4F3E-AB0A-1417CBBAA702}.Debug|Mixed Platforms.Deploy.0 = Win8 Debug|Win32
		{2B8DAB06-57BF-4F3E-AB0A-1417CBBAA702}.Debug|Win32.ActiveCfg = Win8.1 Debug|Win32
		{2B8DAB06-57BF-4F3E-AB0A-1417CBBAA702}.Debug|Win32.Build.0 = Win8.1 Debug|Win32
		{2B8DAB06-57BF-4F3E-AB0A-1417CBBAA702}.Debug|x64.ActiveCfg = Win8.1 Debug|x64
		{2B8DAB06-57BF-4F3E-AB0A-1417CBBAA702}.Release|Mixed Platforms.ActiveCfg = Win8 Release|Win32
		{2B8DAB06-57BF-4F3E-AB0A-1417CBBAA702}.Release|Mixed Platforms.Build.0 = Win8 Release|Win32
		{2B8DAB06-57BF-4F3E-AB0A-1417CBBAA702}.Release|Mixed Platforms.Deploy.0 = Win8 Release|Win32
		{2B8DAB06-57BF-4F3E-AB0A-1417CBBAA702}.Release|Win32.ActiveCfg = Win8.1 Release|Win32
		{2B8DAB06-57BF-4F3E-AB0A-1417CBBAA702}.Release|Win32.Build.0 = Win8.1 Release|Win32
		{2B8DAB06-57BF-4F3E-AB0A-1417CBBAA702}.Release|x64.ActiveCfg = Win8.1 Release|x64
		{2B8DAB06-57BF-4F3E-AB0A-1417CBBAA702}.Release|x64.Build.0 = Win8.1 Release|x64
		{2B8DAB06-57BF-4F3E-AB0A-1417CBBAA702}.Release|x64.Deploy.0 = Win8.1 Release|x64
		{2B8DAB06-57BF-4F3E-AB0A-1417CBBAA702}.Win7 Debug|Mixed Platforms.ActiveCfg = Win7 Debug|Win32
		{2B8DAB06-57BF-4F3E-AB0A-1417CBBAA702}.Win7 Debug|Mixed Platforms.Build.0 = Win7 Debug|Win32
		{2B8DAB06-57BF-4F3E-AB0A-1417CBBAA702}.Win7 Debug|Mixed Platforms.Deploy.0 = Win7 Debug|Win32
		{2B8DAB06-57BF-4F3E-AB0A-1417CBBAA702}.Win7 Debug|Win32.ActiveCfg = Win7 Debug|Win32
		{2B8DAB06-57BF-4F3E-AB0A-1417CBBAA702}.Win7 Debug|Win32.Build.0 = Win7 Debug|Win32
		{2B8DAB06-57BF-4F3E-AB0A-1417CBBAA702}.Win7 Debug|x64.ActiveCfg = Win7 Debug|x64
		{2B8DAB06-57BF-4F3E-AB0A-1417CBBAA702}.Win7 Debug|x64.Build.0 = Win7 Debug|x64
		{2B8DAB06-57BF-4F3E-AB0A-1417CBBAA702}.Win7 Debug|x64.Deploy.0 = Win7 Debug|x64
		{2B8DAB06-57BF-4F3E-AB0A-1417CBBAA702}.Win7 Release|Mixed Platforms.ActiveCfg = Win7 Release|Win32
		{2B8DAB06-57BF-4F3E-AB0A-1417CBBAA702}.Win7 Release|Mixed Platforms.Build.0 = Win7 Release|Win32
		{2B8DAB06-57BF-4F3E-AB0A-1417CBBAA702}.Win7 Release|Mixed Platforms.Deploy.0 = Win7 Release|Win32
		{2B8DAB06-57BF-4F3E-AB0A-1417CBBAA702}.Win7 Release|Win32.ActiveCfg = Win7 Release|Win32
		{2B8DAB06-57BF-4F3E-AB0A-1417CBBAA702}.Win7 Release|Win32.Build.0 = Win7 Release|Win32
		{2B8DAB06-57BF-4F3E-AB0A-1417CBBAA702}.Win7 Release|x64.ActiveCfg = Win7 Release|x64
		{2B8DAB06-57BF-4F3E-AB0A-1417CBBAA702}.Win7 Release|x64.Build.0 = Win7 Release|x64
		{2B8DAB06-57BF-4F3E-AB0A-1417CBBAA702}.Win7 Release|x64.Deploy.0 = Win7 Release|x64
		{2B8DAB06-57BF-4F3E-AB0A-1417CBBAA702}.Win8 Debug|Mixed Platforms.ActiveCfg = Win8 Debug|Win32
		{2B8DAB06-57BF-4F3E-AB0A-1417CBBAA702}.Win8 Debug|Mixed Platforms.Build.0 = Win8 Debug|Win32
		{2B8DAB06-57BF-4F3E-AB0A-1417CBBAA702}.Win8 Debug|Mixed Platforms.Deploy.0 = Win8 Debug|Win32
		{2B8DAB06-57BF-4F3E-AB0A-1417CBBAA702}.Win8 Debug|Win32.ActiveCfg = Win8 Debug|Win32
		{2B8DAB06-57BF-4F3E-AB0A-1417CBBAA702}.Win8 Debug|Win32.Build.0 = Win8 Debug|Win32
		{2B8DAB06-57BF-4F3E-AB0A-1417CBBAA702}.Win8 Debug|x64.ActiveCfg = Win8 Debug|x64
		{2B8DAB06-57BF-4F3E-AB0A-1417CBBAA702}.Win8 Debug|x64.Build.0 = Win8 Debug|x64
		{2B8DAB06-57BF-4F3E-AB0A-1417CBBAA702}.Win8 Debug|x64.Deploy.0 = Win8 Debug|x64
		{2B8DAB06-57BF-4F3E-AB0A-1417CBBAA702}.Win8 Release|Mixed Platforms.ActiveCfg = Win8 Release|Win32
		{2B8DAB06-57BF-4F3E-AB0A-1417CBBAA702}.Win8 Release|Mixed Platforms.Build.0 = Win8 Release|Win32
		{2B8DAB06-57BF-4F3E-AB0A-1417CBBAA702}.Win8 Release|Mixed Platforms.Deploy.0 = Win8 Release|Win32
		{2B8DAB06-57BF-4F3E-AB0A-1417CBBAA702}.Win8 Release|Win32.ActiveCfg = Win8 Release|Win32
		{2B8DAB06-57BF-4F3E-AB0A-1417CBBAA702}.Win8 Release|Win32.Build.0 = Win8 Release|Win32
		{2B8DAB06-57BF-4F3E-AB0A-1417CBBAA702}.Win8 Release|x64.ActiveCfg = Win8 Release|x64
		{2B8DAB06-57BF-4F3E-AB0A-1417CBBAA702}.Win8 Release|x64.Build.0 = Win8 Release|x64
		{2B8DAB06-57BF-4F3E-AB0A-1417CBBAA702}.Win8 Release|x64.Deploy.0 = Win8 Release|x64
		{2B8DAB06-57BF-4F3E-AB0A-1417CBBAA702}.Win8.1 Debug|Mixed Platforms.ActiveCfg = Win8.1 Debug|Win32
		{2B8DAB06-57BF-4F3E-AB0A-1417CBBAA702}.Win8.1 Debug|Mixed Platforms.Build.0 = Win8.1 Debug|Win32
		{2B8DAB06-57BF-4F3E-AB0A-1417CBBAA702}.Win8.1 Debug|Mixed Platforms.Deploy.0 = Win8.1 Debug|Win32
		{2B8DAB06-57BF-4F3E-AB0A-1417CBBAA702}.Win8.1 Debug|Win32.ActiveCfg = Win8.1 Debug|Win32
		{2B8DAB06-57BF-4F3E-AB0A-1417CBBAA702}.Win8.1 Debug|Win32.Build.0 = Win8.1 Debug|Win32
		{2B8DAB06-57BF-4F3E-AB0A-1417CBBAA702}.Win8.1 Debug|x64.ActiveCfg = Win8.1 Debug|x64
		{2B8DAB06-57BF-4F3E-AB0A-1417CBBAA702}.Win8.1 Debug|x64.Build.0 = Win8.1 Debug|x64
		{2B8DAB06-57BF-4F3E-AB0A-1417CBBAA702}.Win8.1 Debug|x64.Deploy.0 = Win8.1 Debug|x64
		{2B8DAB06-57BF-4F3E-AB0A-1417CBBAA702}.Win8.1 Release|Mixed Platforms.ActiveCfg = Win8.1 Release|Win32
		{2B8DAB06-57BF-4F3E-AB0A-1417CBBAA702}.Win8.1 Release|Mixed Platforms.Build.0 = Win8.1 Release|Win32
		{2B8DAB06-57BF-4F3E-AB0A-1417CBBAA702}.Win8.1 Release|Mixed Platforms.Deploy.0 = Win8.1 Release|Win32
		{2B8DAB06-57BF-4F3E-AB0A-1417CBBAA702}.Win8.1 Release|Win32.ActiveCfg = Win8.1 Release|Win32
		{2B8DAB06-57BF-4F3E-AB0A-1417CBBAA702}.Win8.1 Release|Win32.Build.0 = Win8.1 Release|Win32
		{2B8DAB06-57BF-4F3E-AB0A-1417CBBAA702}.Win8.1 Release|x64.ActiveCfg = Win8.1 Release|x64
		{2B8DAB06-57BF-4F3E-AB0A-1417CBBAA702}.Win8.1 Release|x64.Build.0 = Win8.1 Release|x64
		{2B8DAB06-57BF-4F3E-AB0A-1417CBBAA702}.Win8.1 Release|x64.Deploy.0 = Win8.1 Release|x64
		{D924EDBD-8379-4D56-9485-B5BB8BA6250E}.Debug|Mixed Platforms.ActiveCfg = Win8 Debug|Win32
		{D924EDBD-8379-4D56-9485-B5BB8BA6250E}.Debug|Mixed Platforms.Build.0 = Win8 Debug|Win32
		{D924EDBD-8379-4D56-9485-B5BB8BA6250E}.Debug|Mixed Platforms.Deploy.0 = Win8 Debug|Win32
		{D924EDBD-8379-4D56-9485-B5BB8BA6250E}.Debug|Win32.ActiveCfg = Win8.1 Debug|Win32
		{D924EDBD-8379-4D56-9485-B5BB8BA6250E}.Debug|Win32.Build.0 = Win8.1 Debug|Win32
		{D924EDBD-8379-4D56-9485-B5BB8BA6250E}.Debug|x64.ActiveCfg = Win8.1 Debug|x64
		{D924EDBD-8379-4D56-9485-B5BB8BA6250E}.Release|Mixed Platforms.ActiveCfg = Win8 Release|Win32
		{D924EDBD-8379-4D56-9485-B5BB8BA6250E}.Release|Mixed Platforms.Build.0 = Win8 Release|Win32
		{D924EDBD-8379-4D56-9485-B5BB8BA6250E}.Release|Mixed Platforms.Deploy.0 = Win8 Release|Win32
		{D924EDBD-8379-4D56-9485-B5BB8BA6250E}.Release|Win32.ActiveCfg = Win8.1 Release|Win32
		{D924EDBD-8379-4D56-9485-B5BB8BA6250E}.Release|Win32.Build.0 = Win8.1 Release|Win32
		{D924EDBD-8379-4D56-9485-B5BB8BA6250E}.Release|x64.ActiveCfg = Win8.1 Release|x64
		{D924EDBD-8379-4D56-9485-B5BB8BA6250E}.Release|x64.Build.0 = Win8.1 Release|x64
		{D924EDBD-8379-4D56-9485-B5BB8BA6250E}.Release|x64.Deploy.0 = Win8.1 Release|x64
		{D924EDBD-8379-4D56-9485-B5BB8BA6250E}.Win7 Debug|Mixed Platforms.ActiveCfg = Win7 Debug|Win32
		{D924EDBD-8379-4D56-9485-B5BB8BA6250E}.Win7 Debug|Mixed Platforms.Build.0 = Win7 Debug|Win32
		{D924EDBD-8379-4D56-9485-B5BB8BA6250E}.Win7 Debug|Mixed Platforms.Deploy.0 = Win7 Debug|Win32
		{D924EDBD-8379-4D56-9485-B5BB8BA6250E}.Win7 Debug|Win32.ActiveCfg = Win7 Debug|Win32
		{D924EDBD-8379-4D56-9485-B5BB8BA6250E}.Win7 Debug|Win32.Build.0 = Win7 Debug|Win32
		{D924EDBD-8379-4D56-9485-B5BB8BA6250E}.Win7 Debug|x64.ActiveCfg = Win7 Debug|x64
		{D924EDBD-8379-4D56-9485-B5BB8BA6250E}.Win7 Debug|x64.Build.0 = Win7 Debug|x64
		{D924EDBD-8379-4D56-9485-B5BB8BA6250E}.Win7 Debug|x64.Deploy.0 = Win7 Debug|x64
		{D924EDBD-8379-4D56-9485-B5BB8BA6250E}.Win7 Release|Mixed Platforms.ActiveCfg = Win7 Release|Win32
		{D924EDBD-8379-4D56-9485-B5BB8BA6250E}.Win7 Release|Mixed Platforms.Build.0 = Win7 Release|Win32
		{D924EDBD-8379-4D56-9485-B5BB8BA6250E}.Win7 Release|Mixed Platforms.Deploy.0 = Win7 Release|Win32
		{D924EDBD-8379-4D56-9485-B5BB8BA6250E}.Win7 Release|Win32.ActiveCfg = Win7 Release|Win32
		{D924EDBD-8379-4D56-9485-B5BB8BA6250E}.Win7 Release|Win32.Build.0 = Win7 Release|Win32
		{D924EDBD-8379-4D56-9485-B5BB8BA6250E}.Win7 Release|x64.ActiveCfg = Win7 Release|x64
		{D924EDBD-8379-4D56-9485-B5BB8BA6250E}.Win7 Release|x64.Build.0 = Win7 Release|x64
		{D924EDBD-8379-4D56-9485-B5BB8BA6250E}.Win7 Release|x64.Deploy.0 = Win7 Release|x64
		{D924EDBD-8379-4D56-9485-B5BB8BA6250E}.Win8 Debug|Mixed Platforms.ActiveCfg = Win8 Debug|Win32
		{D924EDBD-8379-4D56-9485-B5BB8BA6250E}.Win8 Debug|Mixed Platforms.Build.0 = Win8 Debug|Win32
		{D924EDBD-8379-4D56-9485-B5BB8BA6250E}.Win8 Debug|Mixed Platforms.Deploy.0 = Win8 Debug|Win32
		{D924EDBD-8379-4D56-9485-B5BB8BA6250E}.Win8 Debug|Win32.ActiveCfg = Win8 Debug|Win32
		{D924EDBD-8379-4D56-9485-B5BB8BA6250E}.Win8 Debug|Win32.Build.0 = Win8 Debug|Win32
		{D924EDBD-8379-4D56-9485-B5BB8BA6250E}.Win8 Debug|x64.ActiveCfg = Win8 Debug|x64
		{D924EDBD-8379-4D56-9485-B5BB8BA6250E}.Win8 Debug|x64.Build.0 = Win8 Debug|x64
		{D924EDBD-8379-4D56-9485-B5BB8BA6250E}.Win8 Debug|x64.Deploy.0 = Win8 Debug|x64
		{D924EDBD-8379-4D56-9485-B5BB8BA6250E}.Win8 Release|Mixed Platforms.ActiveCfg = Win8 Release|Win32
		{D924EDBD-8379-4D56-9485-B5BB8BA6250E}.Win8 Release|Mixed Platforms.Build.0 = Win8 Release|Win32
		{D924EDBD-8379-4D56-9485-B5BB8BA6250E}.Win8 Release|Mixed Platforms.Deploy.0 = Win8 Release|Win32
		{D924EDBD-8379-4D56-9485-B5BB8BA6250E}.Win8 Release|Win32.ActiveCfg = Win8 Release|Win32
		{D924EDBD-8379-4D56-9485-B5BB8BA6250E}.Win8 Release|Win32.Build.0 = Win8 Release|Win32
		{D924EDBD-8379-4D56-9485-B5BB8BA6250E}.Win8 Release|x64.ActiveCfg = Win8 Release|x64
		{D924EDBD-8379-4D56-9485-B5BB8BA6250E}.Win8 Release|x64.Build.0 = Win8 Release|x64
		{D924EDBD-8379-4D56-9485-B5BB8BA6250E}.Win8 Release|x64.Deploy.0 = Win8 Release|x64
		{D924EDBD-8379-4D56-9485-B5BB8BA6250E}.Win8.1 Debug|Mixed Platforms.ActiveCfg = Win8.1 Debug|Win32
		{D924EDBD-8379-4D56-9485-B5BB8BA6250E}.Win8.1 Debug|Mixed Platforms.Build.0 = Win8.1 Debug|Win32
		{D924EDBD-8379-4D56-9485-B5BB8BA6250E}.Win8.1 Debug|Mixed Platforms.Deploy.0 = Win8.1 Debug|Win32
		{D924EDBD-8379-4D56-9485-B5BB8BA6250E}.Win8.1 Debug|Win32.ActiveCfg = Win8.1 Debug|Win32
		{D924EDBD-8379-4D56-9485-B5BB8BA6250E}.Win8.1 Debug|Win32.Build.0 = Win8.1 Debug|Win32
		{D924EDBD-8379-4D56-9485-B5BB8BA6250E}.Win8.1 Debug|x64.ActiveCfg = Win8.1 Debug|x64
		{D924EDBD-8379-4D56-9485-B5BB8BA6250E}.Win8.1 Debug|x64.Build.0 = Win8.1 Debug|x64
		{D924EDBD-8379-4D56-9485-B5BB8BA6250E}.Win8.1 Debug|x64.Deploy.0 = Win8.1 Debug|x64
		{D924EDBD-8379-4D56-9485-B5BB8BA6250E}.Win8.1 Release|Mixed Platforms.ActiveCfg = Win8.1 Release|Win32
		{D924EDBD-8379-4D56-9485-B5BB8BA6250E}.Win8.1 Release|Mixed Platforms.Build.0 = Win8.1 Release|Win32
		{D924EDBD-8379-4D56-9485-B5BB8BA6250E}.Win8.1 Release|Mixed Platforms.Deploy.0 = Win8.1 Release|Win32
		{D924EDBD-8379-4D56-9485-B5BB8BA6250E}.Win8.1 Release|Win32.ActiveCfg = Win8.1 Release|Win32
		{D924EDBD-8379-4D56-9485-B5BB8BA6250E}.Win8.1 Release|Win32.Build.0 = Win8.1 Release|Win32
		{D924EDBD-8379-4D56-9485-B5BB8BA6250E}.Win8.1 Release|x64.ActiveCfg = Win8.1 Release|x64
		{D924EDBD-8379-4D56-9485-B5BB8BA6250E}.Win8.1 Release|x64.Build.0 = Win8.1 Release|x64
		{D924EDBD-8379-4D56-9485-B5BB8BA6250E}.Win8.1 Release|x64.Deploy.0 = Win8.1 Release|x64
		{B5633A5B-A64E-4EF9-BFC2-5069502EE175}.Debug|Mixed Platforms.ActiveCfg = Debug|Win32
		{B5633A5B-A64E-4EF9-BFC2-5069502EE175}.Debug|Mixed Platforms.Build.0 = Debug|Win32
		{B5633A5B-A64E-4EF9-BFC2-5069502EE175}.Debug|Mixed Platforms.Deploy.0 = Debug|Win32
		{B5633A5B-A64E-4EF9-BFC2-5069502EE175}.Debug|Win32.ActiveCfg = Debug|Win32
		{B5633A5B-A64E-4EF9-BFC2-5069502EE175}.Debug|Win32.Build.0 = Debug|Win32
		{B5633A5B-A64E-4EF9-BFC2-5069502EE175}.Debug|x64.ActiveCfg = Debug|x64
		{B5633A5B-A64E-4EF9-BFC2-5069502EE175}.Debug|x64.Build.0 = Debug|x64
		{B5633A5B-A64E-4EF9-BFC2-5069502EE175}.Debug|x64.Deploy.0 = Debug|x64
		{B5633A5B-A64E-4EF9-BFC2-5069502EE175}.Release|Mixed Platforms.ActiveCfg = Release|Win32
		{B5633A5B-A64E-4EF9-BFC2-5069502EE175}.Release|Mixed Platforms.Build.0 = Release|Win32
		{B5633A5B-A64E-4EF9-BFC2-5069502EE175}.Release|Mixed Platforms.Deploy.0 = Release|Win32
		{B5633A5B-A64E-4EF9-BFC2-5069502EE175}.Release|Win32.ActiveCfg = Release|Win32
		{B5633A5B-A64E-4EF9-BFC2-5069502EE175}.Release|Win32.Build.0 = Release|Win32
		{B5633A5B-A64E-4EF9-BFC2-5069502EE175}.Release|x64.ActiveCfg = Release|x64
		{B5633A5B-A64E-4EF9-BFC2-5069502EE175}.Release|x64.Build.0 = Release|x64
		{B5633A5B-A64E-4EF9-BFC2-5069502EE175}.Release|x64.Deploy.0 = Release|x64
		{B5633A5B-A64E-4EF9-BFC2-5069502EE175}.Win7 Debug|Mixed Platforms.ActiveCfg = Debug|Win32
		{B5633A5B-A64E-4EF9-BFC2-5069502EE175}.Win7 Debug|Mixed Platforms.Build.0 = Debug|Win32
		{B5633A5B-A64E-4EF9-BFC2-5069502EE175}.Win7 Debug|Mixed Platforms.Deploy.0 = Debug|Win32
		{B5633A5B-A64E-4EF9-BFC2-5069502EE175}.Win7 Debug|Win32.ActiveCfg = Debug|Win32
		{B5633A5B-A64E-4EF9-BFC2-5069502EE175}.Win7 Debug|Win32.Build.0 = Debug|Win32
		{B5633A5B-A64E-4EF9-BFC2-5069502EE175}.Win7 Debug|x64.ActiveCfg = Debug|x64
		{B5633A5B-A64E-4EF9-BFC2-5069502EE175}.Win7 Debug|x64.Build.0 = Debug|x64
		{B5633A5B-A64E-4EF9-BFC2-5069502EE175}.Win7 Debug|x64.Deploy.0 = Debug|x64
		{B5633A5B-A64E-4EF9-BFC2-5069502EE175}.Win7 Release|Mixed Platforms.ActiveCfg = Release|Win32
		{B5633A5B-A64E-4EF9-BFC2-5069502EE175}.Win7 Release|Mixed Platforms.Build.0 = Release|Win32
		{B5633A5B-A64E-4EF9-BFC2-5069502EE175}.Win7 Release|Mixed Platforms.Deploy.0 = Release|Win32
		{B5633A5B-A64E-4EF9-BFC2-5069502EE175}.Win7 Release|Win32.ActiveCfg = Release|Win32
		{B5633A5B-A64E-4EF9-BFC2-5069502EE175}.Win7 Release|Win32.Build.0 = Release|Win32
		{B5633A5B-A64E-4EF9-BFC2-5069502EE175}.Win7 Release|x64.ActiveCfg = Release|x64
		{B5633A5B-A64E-4EF9-BFC2-5069502EE175}.Win7 Release|x64.Build.0 = Release|x64
		{B5633A5B-A64E-4EF9-BFC2-5069502EE175}.Win7 Release|x64.Deploy.0 = Release|x64
		{B5633A5B-A64E-4EF9-BFC2-5069502EE175}.Win8 Debug|Mixed Platforms.ActiveCfg = Debug|Win32
		{B5633A5B-A64E-4EF9-BFC2-5069502EE175}.Win8 Debug|Mixed Platforms.Build.0 = Debug|Win32
		{B5633A5B-A64E-4EF9-BFC2-5069502EE175}.Win8 Debug|Mixed Platforms.Deploy.0 = Debug|Win32
		{B5633A5B-A64E-4EF9-BFC2-5069502EE175}.Win8 Debug|Win32.ActiveCfg = Debug|Win32
		{B5633A5B-A64E-4EF9-BFC2-5069502EE175}.Win8 Debug|Win32.Build.0 = Debug|Win32
		{B5633A5B-A64E-4EF9-BFC2-5069502EE175}.Win8 Debug|x64.ActiveCfg = Debug|x64
		{B5633A5B-A64E-4EF9-BFC2-5069502EE175}.Win8 Debug|x64.Build.0 = Debug|x64
		{B5633A5B-A64E-4EF9-BFC2-5069502EE175}.Win8 Debug|x64.Deploy.0 = Debug|x64
		{B5633A5B-A64E-4EF9-BFC2-5069502EE175}.Win8 Release|Mixed Platforms.ActiveCfg = Release|Win32
		{B5633A5B-A64E-4EF9-BFC2-5069502EE175}.Win8 Release|Mixed Platforms.Build.0 = Release|Win32
		{B5633A5B-A64E-4EF9-BFC2-5069502EE175}.Win8 Release|Mixed Platforms.Deploy.0 = Release|Win32
		{B5633A5B-A64E-4EF9-BFC2-5069502EE175}.Win8 Release|Win32.ActiveCfg = Release|Win32
		{B5633A5B-A64E-4EF9-BFC2-5069502EE175}.Win8 Release|Win32.Build.0 = Release|Win32
		{B5633A5B-A64E-4EF9-BFC2-5069502EE175}.Win8 Release|x64.ActiveCfg = Release|x64
		{B5633A5B-A64E-4EF9-BFC2-5069502EE175}.Win8 Release|x64.Build.0 = Release|x64
		{B5633A5B-A64E-4EF9-BFC2-5069502EE175}.Win8 Release|x64.Deploy.0 = Release|x64
		{B5633A5B-A64E-4EF9-BFC2-5069502EE175}.Win8.1 Debug|Mixed Platforms.ActiveCfg = Debug|Win32
		{B5633A5B-A64E-4EF9-BFC2-5069502EE175}.Win8.1 Debug|Mixed Platforms.Build.0 = Debug|Win32
		{B5633A5B-A64E-4EF9-BFC2-5069502EE175}.Win8.1 Debug|Mixed Platforms.Deploy.0 = Debug|Win32
		{B5633A5B-A64E-4EF9-BFC2-5069502EE175}.Win8.1 Debug|Win32.ActiveCfg = Debug|Win32
		{B5633A5B-A64E-4EF9-BFC2-5069502EE175}.Win8.1 Debug|Win32.Build.0 = Debug|Win32
		{B5633A5B-A64E-4EF9-BFC2-5069502EE175}.Win8.1 Debug|x64.ActiveCfg = Debug|x64
		{B5633A5B-A64E-4EF9-BFC2-5069502EE175}.Win8.1 Debug|x64.Build.0 = Debug|x64
		{B5633A5B-A64E-4EF9-BFC2-5069502EE175}.Win8.1 Debug|x64.Deploy.0 = Debug|x64
		{B5633A5B-A64E-4EF9-BFC2-5069502EE175}.Win8.1 Release|Mixed Platforms.ActiveCfg = Release|Win32
		{B5633A5B-A64E-4EF9-BFC2-5069502EE175}.Win8.1 Release|Mixed Platforms.Build.0 = Release|Win32
		{B5633A5B-A64E-4EF9-BFC2-5069502EE175}.Win8.1 Release|Mixed Platforms.Deploy.0 = Release|Win32
		{B5633A5B-A64E-4EF9-BFC2-5069502EE175}.Win8.1 Release|Win32.ActiveCfg = Release|Win32
		{B5633A5B-A64E-4EF9-BFC2-5069502EE175}.Win8.1 Release|Win32.Build.0 = Release|Win32
		{B5633A5B-A64E-4EF9-BFC2-5069502EE175}.Win8.1 Release|x64.ActiveCfg = Release|x64
		{B5633A5B-A64E-4EF9-BFC2-5069502EE175}.Win8.1 Release|x64.Build.0 = Release|x64
		{B5633A5B-A64E-4EF9-BFC2-5069502EE175}.Win8.1 Release|x64.Deploy.0 = Release|x64
		{4C7A6B0B-E7CD-4866-B642-1909495B8682}.Debug|Mixed Platforms.ActiveCfg = Debug|Win32
		{4C7A6B0B-E7CD-4866-B642-1909495B8682}.Debug|Mixed Platforms.Build.0 = Debug|Win32
		{4C7A6B0B-E7CD-4866-B642-1909495B8682}.Debug|Mixed Platforms.Deploy.0 = Debug|Win32
		{4C7A6B0B-E7CD-4866-B642-1909495B8682}.Debug|Win32.ActiveCfg = Debug|Win32
		{4C7A6B0B-E7CD-4866-B642-1909495B8682}.Debug|Win32.Build.0 = Debug|Win32
		{4C7A6B0B-E7CD-4866-B642-1909495B8682}.Debug|x64.ActiveCfg = Debug|x64
		{4C7A6B0B-E7CD-4866-B642-1909495B8682}.Debug|x64.Build.0 = Debug|x64
		{4C7A6B0B-E7CD-4866-B642-1909495B8682}.Debug|x64.Deploy.0 = Debug|x64
		{4C7A6B0B-E7CD-4866-B642-1909495B8682}.Release|Mixed Platforms.ActiveCfg = Release|Win32
		{4C7A6B0B-E7CD-4866-B642-1909495B8682}.Release|Mixed Platforms.Build.0 = Release|Win32
		{4C7A6B0B-E7CD-4866-B642-1909495B8682}.Release|Mixed Platforms.Deploy.0 = Release|Win32
		{4C7A6B0B-E7CD-4866-B642-1909495B8682}.Release|Win32.ActiveCfg = Release|Win32
		{4C7A6B0B-E7CD-4866-B642-1909495B8682}.Release|Win32.Build.0 = Release|Win32
		{4C7A6B0B-E7CD-4866-B642-1909495B8682}.Release|x64.ActiveCfg = Release|x64
		{4C7A6B0B-E7CD-4866-B642-1909495B8682}.Release|x64.Build.0 = Release|x64
		{4C7A6B0B-E7CD-4866-B642-1909495B8682}.Release|x64.Deploy.0 = Release|x64
		{4C7A6B0B-E7CD-4866-B642-1909495B8682}.Win7 Debug|Mixed Platforms.ActiveCfg = Debug|Win32
		{4C7A6B0B-E7CD-4866-B642-1909495B8682}.Win7 Debug|Mixed Platforms.Build.0 = Debug|Win32
		{4C7A6B0B-E7CD-4866-B642-1909495B8682}.Win7 Debug|Mixed Platforms.Deploy.0 = Debug|Win32
		{4C7A6B0B-E7CD-4866-B642-1909495B8682}.Win7 Debug|Win32.ActiveCfg = Debug|Win32
		{4C7A6B0B-E7CD-4866-B642-1909495B8682}.Win7 Debug|Win32.Build.0 = Debug|Win32
		{4C7A6B0B-E7CD-4866-B642-1909495B8682}.Win7 Debug|x64.ActiveCfg = Debug|x64
		{4C7A6B0B-E7CD-4866-B642-1909495B8682}.Win7 Debug|x64.Build.0 = Debug|x64
		{4C7A6B0B-E7CD-4866-B642-1909495B8682}.Win7 Debug|x64.Deploy.0 = Debug|x64
		{4C7A6B0B-E7CD-4866-B642-1909495B8682}.Win7 Release|Mixed Platforms.ActiveCfg = Release|Win32
		{4C7A6B0B-E7CD-4866-B642-1909495B8682}.Win7 Release|Mixed Platforms.Build.0 = Release|Win32
		{4C7A6B0B-E7CD-4866-B642-1909495B8682}.Win7 Release|Mixed Platforms.Deploy.0 = Release|Win32
		{4C7A6B0B-E7CD-4866-B642-1909495B8682}.Win7 Release|Win32.ActiveCfg = Release|Win32
		{4C7A6B0B-E7CD-4866-B642-1909495B8682}.Win7 Release|Win32.Build.0 = Release|Win32
		{4C7A6B0B-E7CD-4866-B642-1909495B8682}.Win7 Release|x64.ActiveCfg = Release|x64
		{4C7A6B0B-E7CD-4866-B642-1909495B8682}.Win7 Release|x64.Build.0 = Release|x64
		{4C7A6B0B-E7CD-4866-B642-1909495B8682}.Win7 Release|x64.Deploy.0 = Release|x64
		{4C7A6B0B-E7CD-4866-B642-1909495B8682}.Win8 Debug|Mixed Platforms.ActiveCfg = Debug|Win32
		{4C7A6B0B-E7CD-4866-B642-1909495B8682}.Win8 Debug|Mixed Platforms.Build.0 = Debug|Win32
		{4C7A6B0B-E7CD-4866-B642-1909495B8682}.Win8 Debug|Mixed Platforms.Deploy.0 = Debug|Win32
		{4C7A6B0B-E7CD-4866-B642-1909495B8682}.Win8 Debug|Win32.ActiveCfg = Debug|Win32
		{4C7A6B0B-E7CD-4866-B642-1909495B8682}.Win8 Debug|Win32.Build.0 = Debug|Win32
		{4C7A6B0B-E7CD-4866-B642-1909495B8682}.Win8 Debug|x64.ActiveCfg = Debug|x64
		{4C7A6B0B-E7CD-4866-B642-1909495B8682}.Win8 Debug|x64.Build.0 = Debug|x64
		{4C7A6B0B-E7CD-4866-B642-1909495B8682}.Win8 Debug|x64.Deploy.0 = Debug|x64
		{4C7A6B0B-E7CD-4866-B642-1909495B8682}.Win8 Release|Mixed Platforms.ActiveCfg = Release|Win32
		{4C7A6B0B-E7CD-4866-B642-1909495B8682}.Win8 Release|Mixed Platforms.Build.0 = Release|Win32
		{4C7A6B0B-E7CD-4866-B642-1909495B8682}.Win8 Release|Mixed Platforms.Deploy.0 = Release|Win32
		{4C7A6B0B-E7CD-4866-B642-1909495B8682}.Win8 Release|Win32.ActiveCfg = Release|Win32
		{4C7A6B0B-E7CD-4866-B642-1909495B8682}.Win8 Release|Win32.Build.0 = Release|Win32
		{4C7A6B0B-E7CD-4866-B642-1909495B8682}.Win8 Release|x64.ActiveCfg = Release|x64
		{4C7A6B0B-E7CD-4866-B642-1909495B8682}.Win8 Release|x64.Build.0 = Release|x64
		{4C7A6B0B-E7CD-4866-B642-1909495B8682}.Win8 Release|x64.Deploy.0 = Release|x64
		{4C7A6B0B-E7CD-4866-B642-1909495B8682}.Win8.1 Debug|Mixed Platforms.ActiveCfg = Debug|Win32
		{4C7A6B0B-E7CD-4866-B642-1909495B8682}.Win8.1 Debug|Mixed Platforms.Build.0 = Debug|Win32
		{4C7A6B0B-E7CD-4866-B642-1909495B8682}.Win8.1 Debug|Mixed Platforms.Deploy.0 = Debug|Win32
		{4C7A6B0B-E7CD-4866-B642-1909495B8682}.Win8.1 Debug|Win32.ActiveCfg = Debug|Win32
		{4C7A6B0B-E7CD-4866-B642-1909495B8682}.Win8.1 Debug|Win32.Build.0 = Debug|Win32
		{4C7A6B0B-E7CD-4866-B642-1909495B8682}.Win8.1 Debug|x64.ActiveCfg = Debug|x64
		{4C7A6B0B-E7CD-4866-B642-1909495B8682}.Win8.1 Debug|x64.Build.0 = Debug|x64
		{4C7A6B0B-E7CD-4866-B642-1909495B8682}.Win8.1 Debug|x64.Deploy.0 = Debug|x64
		{4C7A6B0B-E7CD-4866-B642-1909495B8682}.Win8.1 Release|Mixed Platforms.ActiveCfg = Release|Win32
		{4C7A6B0B-E7CD-4866-B642-1909495B8682}.Win8.1 Release|Mixed Platforms.Build.0 = Release|Win32
		{4C7A6B0B-E7CD-4866-B642-1909495B8682}.Win8.1 Release|Mixed Platforms.Deploy.0 = Release|Win32
		{4C7A6B0B-E7CD-4866-B642-1909495B8682}.Win8.1 Release|Win32.ActiveCfg = Release|Win32
		{4C7A6B0B-E7CD-4866-B642-1909495B8682}.Win8.1 Release|Win32.Build.0 = Release|Win32
		{4C7A6B0B-E7CD-4866-B642-1909495B8682}.Win8.1 Release|x64.ActiveCfg = Release|x64
		{4C7A6B0B-E7CD-4866-B642-1909495B8682}.Win8.1 Release|x64.Build.0 = Release|x64
		{4C7A6B0B-E7CD-4866-B642-1909495B8682}.Win8.1 Release|x64.Deploy.0 = Release|x64
		{22D82DC4-66CE-4D75-960F-CD0A5A40C519}.Debug|Mixed Platforms.ActiveCfg = Debug|Win32
		{22D82DC4-66CE-4D75-960F-CD0A5A40C519}.Debug|Mixed Platforms.Build.0 = Debug|Win32
		{22D82DC4-66CE-4D75-960F-CD0A5A40C519}.Debug|Mixed Platforms.Deploy.0 = Debug|Win32
		{22D82DC4-66CE-4D75-960F-CD0A5A40C519}.Debug|Win32.ActiveCfg = Debug|Win32
		{22D82DC4-66CE-4D75-960F-CD0A5A40C519}.Debug|Win32.Build.0 = Debug|Win32
		{22D82DC4-66CE-4D75-960F-CD0A5A40C519}.Debug|x64.ActiveCfg = Debug|x64
		{22D82DC4-66CE-4D75-960F-CD0A5A40C519}.Debug|x64.Build.0 = Debug|x64
		{22D82DC4-66CE-4D75-960F-CD0A5A40C519}.Debug|x64.Deploy.0 = Debug|x64
		{22D82DC4-66CE-4D75-960F-CD0A5A40C519}.Release|Mixed Platforms.ActiveCfg = Release|Win32
		{22D82DC4-66CE-4D75-960F-CD0A5A40C519}.Release|Mixed Platforms.Build.0 = Release|Win32
		{22D82DC4-66CE-4D75-960F-CD0A5A40C519}.Release|Mixed Platforms.Deploy.0 = Release|Win32
		{22D82DC4-66CE-4D75-960F-CD0A5A40C519}.Release|Win32.ActiveCfg = Release|Win32
		{22D82DC4-66CE-4D75-960F-CD0A5A40C519}.Release|Win32.Build.0 = Release|Win32
		{22D82DC4-66CE-4D75-960F-CD0A5A40C519}.Release|x64.ActiveCfg = Release|x64
		{22D82DC4-66CE-4D75-960F-CD0A5A40C519}.Release|x64.Build.0 = Release|x64
		{22D82DC4-66CE-4D75-960F-CD0A5A40C519}.Release|x64.Deploy.0 = Release|x64
		{22D82DC4-66CE-4D75-960F-CD0A5A40C519}.Win7 Debug|Mixed Platforms.ActiveCfg = Debug|Win32
		{22D82DC4-66CE-4D75-960F-CD0A5A40C519}.Win7 Debug|Mixed Platforms.Build.0 = Debug|Win32
		{22D82DC4-66CE-4D75-960F-CD0A5A40C519}.Win7 Debug|Mixed Platforms.Deploy.0 = Debug|Win32
		{22D82DC4-66CE-4D75-960F-CD0A5A40C519}.Win7 Debug|Win32.ActiveCfg = Debug|Win32
		{22D82DC4-66CE-4D75-960F-CD0A5A40C519}.Win7 Debug|Win32.Build.0 = Debug|Win32
		{22D82DC4-66CE-4D75-960F-CD0A5A40C519}.Win7 Debug|x64.ActiveCfg = Debug|x64
		{22D82DC4-66CE-4D75-960F-CD0A5A40C519}.Win7 Debug|x64.Build.0 = Debug|x64
		{22D82DC4-66CE-4D75-960F-CD0A5A40C519}.Win7 Debug|x64.Deploy.0 = Debug|x64
		{22D82DC4-66CE-4D75-960F-CD0A5A40C519}.Win7 Release|Mixed Platforms.ActiveCfg = Release|Win32
		{22D82DC4-66CE-4D75-960F-CD0A5A40C519}.Win7 Release|Mixed Platforms.Build.0 = Release|Win32
		{22D82DC4-66CE-4D75-960F-CD0A5A40C519}.Win7 Release|Mixed Platforms.Deploy.0 = Release|Win32
		{22D82DC4-66CE-4D75-960F-CD0A5A40C519}.Win7 Release|Win32.ActiveCfg = Release|Win32
		{22D82DC4-66CE-4D75-960F-CD0A5A40C519}.Win7 Release|Win32.Build.0 = Release|Win32
		{22D82DC4-66CE-4D75-960F-CD0A5A40C519}.Win7 Release|x64.ActiveCfg = Release|x64
		{22D82DC4-66CE-4D75-960F-CD0A5A40C519}.Win7 Release|x64.Build.0 = Release|x64
		{22D82DC4-66CE-4D75-960F-CD0A5A40C519}.Win7 Release|x64.Deploy.0 = Release|x64
		{22D82DC4-66CE-4D75-960F-CD0A5A40C519}.Win8 Debug|Mixed Platforms.ActiveCfg = Debug|Win32
		{22D82DC4-66CE-4D75-960F-CD0A5A40C519}.Win8 Debug|Mixed Platforms.Build.0 = Debug|Win32
		{22D82DC4-66CE-4D75-960F-CD0A5A40C519}.Win8 Debug|Mixed Platforms.Deploy.0 = Debug|Win32
		{22D82DC4-66CE-4D75-960F-CD0A5A40C519}.Win8 Debug|Win32.ActiveCfg = Debug|Win32
		{22D82DC4-66CE-4D75-960F-CD0A5A40C519}.Win8 Debug|Win32.Build.0 = Debug|Win32
		{22D82DC4-66CE-4D75-960F-CD0A5A40C519}.Win8 Debug|x64.ActiveCfg = Debug|x64
		{22D82DC4-66CE-4D75-960F-CD0A5A40C519}.Win8 Debug|x64.Build.0 = Debug|x64
		{22D82DC4-66CE-4D75-960F-CD0A5A40C519}.Win8 Debug|x64.Deploy.0 = Debug|x64
		{22D82DC4-66CE-4D75-960F-CD0A5A40C519}.Win8 Release|Mixed Platforms.ActiveCfg = Release|Win32
		{22D82DC4-66CE-4D75-960F-CD0A5A40C519}.Win8 Release|Mixed Platforms.Build.0 = Release|Win32
		{22D82DC4-66CE-4D75-960F-CD0A5A40C519}.Win8 Release|Mixed Platforms.Deploy.0 = Release|Win32
		{22D82DC4-66CE-4D75-960F-CD0A5A40C519}.Win8 Release|Win32.ActiveCfg = Release|Win32
		{22D82DC4-66CE-4D75-960F-CD0A5A40C519}.Win8 Release|Win32.Build.0 = Release|Win32
		{22D82DC4-66CE-4D75-960F-CD0A5A40C519}.Win8 Release|x64.ActiveCfg = Release|x64
		{22D82DC4-66CE-4D75-960F-CD0A5A40C519}.Win8 Release|x64.Build.0 = Release|x64
		{22D82DC4-66CE-4D75-960F-CD0A5A40C519}.Win8 Release|x64.Deploy.0 = Release|x64
		{22D82DC4-66CE-4D75-960F-CD0A5A40C519}.Win8.1 Debug|Mixed Platforms.ActiveCfg = Debug|Win32
		{22D82DC4-66CE-4D75-960F-CD0A5A40C519}.Win8.1 Debug|Mixed Platforms.Build.0 = Debug|Win32
		{22D82DC4-66CE-4D75-960F-CD0A5A40C519}.Win8.1 Debug|Mixed Platforms.Deploy.0 = Debug|Win32
		{22D82DC4-66CE-4D75-960F-CD0A5A40C519}.Win8.1 Debug|Win32.ActiveCfg = Debug|Win32
		{22D82DC4-66CE-4D75-960F-CD0A5A40C519}.Win8.1 Debug|Win32.Build.0 = Debug|Win32
		{22D82DC4-66CE-4D75-960F-CD0A5A40C519}.Win8.1 Debug|x64.ActiveCfg = Debug|x64
		{22D82DC4-66CE-4D75-960F-CD0A5A40C519}.Win8.1 Debug|x64.Build.0 = Debug|x64
		{22D82DC4-66CE-4D75-960F-CD0A5A40C519}.Win8.1 Debug|x64.Deploy.0 = Debug|x64
		{22D82DC4-66CE-4D75-960F-CD0A5A40C519}.Win8.1 Release|Mixed Platforms.ActiveCfg = Release|Win32
		{22D82DC4-66CE-4D75-960F-CD0A5A40C519}.Win8.1 Release|Mixed Platforms.Build.0 = Release|Win32
		{22D82DC4-66CE-4D75-960F-CD0A5A40C519}.Win8.1 Release|Mixed Platforms.Deploy.0 = Release|Win32
		{22D82DC4-66CE-4D75-960F-CD0A5A40C519}.Win8.1 Release|Win32.ActiveCfg = Release|Win32
		{22D82DC4-66CE-4D75-960F-CD0A5A40C519}.Win8.1 Release|Win32.Build.0 = Release|Win32
		{22D82DC4-66CE-4D75-960F-CD0A5A40C519}.Win8.1 Release|x64.ActiveCfg = Release|x64
		{22D82DC4-66CE-4D75-960F-CD0A5A40C519}.Win8.1 Release|x64.Build.0 = Release|x64
		{22D82DC4-66CE-4D75-960F-CD0A5A40C519}.Win8.1 Release|x64.Deploy.0 = Release|x64
		{314AD84F-1736-415A-98BD-33129F049FE3}.Debug|Mixed Platforms.ActiveCfg = Debug|Win32
		{314AD84F-1736-415A-98BD-33129F049FE3}.Debug|Mixed Platforms.Build.0 = Debug|Win32
		{314AD84F-1736-415A-98BD-33129F049FE3}.Debug|Mixed Platforms.Deploy.0 = Debug|Win32
		{314AD84F-1736-415A-98BD-33129F049FE3}.Debug|Win32.ActiveCfg = Debug|Win32
		{314AD84F-1736-415A-98BD-33129F049FE3}.Debug|Win32.Build.0 = Debug|Win32
		{314AD84F-1736-415A-98BD-33129F049FE3}.Debug|x64.ActiveCfg = Debug|x64
		{314AD84F-1736-415A-98BD-33129F049FE3}.Debug|x64.Build.0 = Debug|x64
		{314AD84F-1736-415A-98BD-33129F049FE3}.Debug|x64.Deploy.0 = Debug|x64
		{314AD84F-1736-415A-98BD-33129F049FE3}.Release|Mixed Platforms.ActiveCfg = Release|Win32
		{314AD84F-1736-415A-98BD-33129F049FE3}.Release|Mixed Platforms.Build.0 = Release|Win32
		{314AD84F-1736-415A-98BD-33129F049FE3}.Release|Mixed Platforms.Deploy.0 = Release|Win32
		{314AD84F-1736-415A-98BD-33129F049FE3}.Release|Win32.ActiveCfg = Release|Win32
		{314AD84F-1736-415A-98BD-33129F049FE3}.Release|Win32.Build.0 = Release|Win32
		{314AD84F-1736-415A-98BD-33129F049FE3}.Release|x64.ActiveCfg = Release|x64
		{314AD84F-1736-415A-98BD-33129F049FE3}.Release|x64.Build.0 = Release|x64
		{314AD84F-1736-415A-98BD-33129F049FE3}.Release|x64.Deploy.0 = Release|x64
		{314AD84F-1736-415A-98BD-33129F049FE3}.Win7 Debug|Mixed Platforms.ActiveCfg = Debug|Win32
		{314AD84F-1736-415A-98BD-33129F049FE3}.Win7 Debug|Mixed Platforms.Build.0 = Debug|Win32
		{314AD84F-1736-415A-98BD-33129F049FE3}.Win7 Debug|Mixed Platforms.Deploy.0 = Debug|Win32
		{314AD84F-1736-415A-98BD-33129F049FE3}.Win7 Debug|Win32.ActiveCfg = Debug|Win32
		{314AD84F-1736-415A-98BD-33129F049FE3}.Win7 Debug|Win32.Build.0 = Debug|Win32
		{314AD84F-1736-415A-98BD-33129F049FE3}.Win7 Debug|x64.ActiveCfg = Debug|x64
		{314AD84F-1736-415A-98BD-33129F049FE3}.Win7 Debug|x64.Build.0 = Debug|x64
		{314AD84F-1736-415A-98BD-33129F049FE3}.Win7 Debug|x64.Deploy.0 = Debug|x64
		{314AD84F-1736-415A-98BD-33129F049FE3}.Win7 Release|Mixed Platforms.ActiveCfg = Release|Win32
		{314AD84F-1736-415A-98BD-33129F049FE3}.Win7 Release|Mixed Platforms.Build.0 = Release|Win32
		{314AD84F-1736-415A-98BD-33129F049FE3}.Win7 Release|Mixed Platforms.Deploy.0 = Release|Win32
		{314AD84F-1736-415A-98BD-33129F049FE3}.Win7 Release|Win32.ActiveCfg = Release|Win32
		{314AD84F-1736-415A-98BD-33129F049FE3}.Win7 Release|Win32.Build.0 = Release|Win32
		{314AD84F-1736-415A-98BD-33129F049FE3}.Win7 Release|x64.ActiveCfg = Release|x64
		{314AD84F-1736-415A-98BD-33129F049FE3}.Win7 Release|x64.Build.0 = Release|x64
		{314AD84F-1736-415A-98BD-33129F049FE3}.Win7 Release|x64.Deploy.0 = Release|x64
		{314AD84F-1736-415A-98BD-33129F049FE3}.Win8 Debug|Mixed Platforms.ActiveCfg = Debug|Win32
		{314AD84F-1736-415A-98BD-33129F049FE3}.Win8 Debug|Mixed Platforms.Build.0 = Debug|Win32
		{314AD84F-1736-415A-98BD-33129F049FE3}.Win8 Debug|Mixed Platforms.Deploy.0 = Debug|Win32
		{314AD84F-1736-415A-98BD-33129F049FE3}.Win8 Debug|Win32.ActiveCfg = Debug|Win32
		{314AD84F-1736-415A-98BD-33129F049FE3}.Win8 Debug|Win32.Build.0 = Debug|Win32
		{314AD84F-1736-415A-98BD-33129F049FE3}.Win8 Debug|x64.ActiveCfg = Debug|x64
		{314AD84F-1736-415A-98BD-33129F049FE3}.Win8 Debug|x64.Build.0 = Debug|x64
		{314AD84F-1736-415A-98BD-33129F049FE3}.Win8 Debug|x64.Deploy.0 = Debug|x64
		{314AD84F-1736-415A-98BD-33129F049FE3}.Win8 Release|Mixed Platforms.ActiveCfg = Release|Win32
		{314AD84F-1736-415A-98BD-33129F049FE3}.Win8 Release|Mixed Platforms.Build.0 = Release|Win32
		{314AD84F-1736-415A-98BD-33129F049FE3}.Win8 Release|Mixed Platforms.Deploy.0 = Release|Win32
		{314AD84F-1736-415A-98BD-33129F049FE3}.Win8 Release|Win32.ActiveCfg = Release|Win32
		{314AD84F-1736-415A-98BD-33129F049FE3}.Win8 Release|Win32.Build.0 = Release|Win32
		{314AD84F-1736-415A-98BD-33129F049FE3}.Win8 Release|x64.ActiveCfg = Release|x64
		{314AD84F-1736-415A-98BD-33129F049FE3}.Win8 Release|x64.Build.0 = Release|x64
		{314AD84F-1736-415A-98BD-33129F049FE3}.Win8 Release|x64.Deploy.0 = Release|x64
		{314AD84F-1736-415A-98BD-33129F049FE3}.Win8.1 Debug|Mixed Platforms.ActiveCfg = Debug|Win32
		{314AD84F-1736-415A-98BD-33129F049FE3}.Win8.1 Debug|Mixed Platforms.Build.0 = Debug|Win32
		{314AD84F-1736-415A-98BD-33129F049FE3}.Win8.1 Debug|Mixed Platforms.Deploy.0 = Debug|Win32
		{314AD84F-1736-415A-98BD-33129F049FE3}.Win8.1 Debug|Win32.ActiveCfg = Debug|Win32
		{314AD84F-1736-415A-98BD-33129F049FE3}.Win8.1 Debug|Win32.Build.0 = Debug|Win32
		{314AD84F-1736-415A-98BD-33129F049FE3}.Win8.1 Debug|x64.ActiveCfg = Debug|x64
		{314AD84F-1736-415A-98BD-33129F049FE3}.Win8.1 Debug|x64.Build.0 = Debug|x64
		{314AD84F-1736-415A-98BD-33129F049FE3}.Win8.1 Debug|x64.Deploy.0 = Debug|x64
		{314AD84F-1736-415A-98BD-33129F049FE3}.Win8.1 Release|Mixed Platforms.ActiveCfg = Release|Win32
		{314AD84F-1736-415A-98BD-33129F049FE3}.Win8.1 Release|Mixed Platforms.Build.0 = Release|Win32
		{314AD84F-1736-415A-98BD-33129F049FE3}.Win8.1 Release|Mixed Platforms.Deploy.0 = Release|Win32
		{314AD84F-1736-415A-98BD-33129F049FE3}.Win8.1 Release|Win32.ActiveCfg = Release|Win32
		{314AD84F-1736-415A-98BD-33129F049FE3}.Win8.1 Release|Win32.Build.0 = Release|Win32
		{314AD84F-1736-415A-98BD-33129F049FE3}.Win8.1 Release|x64.ActiveCfg = Release|x64
		{314AD84F-1736-415A-98BD-33129F049FE3}.Win8.1 Release|x64.Build.0 = Release|x64
		{314AD84F-1736-415A-98BD-33129F049FE3}.Win8.1 Release|x64.Deploy.0 = Release|x64
		{96DAFD4D-1135-4A9C-AFAF-FE4265C65E72}.Debug|Mixed Platforms.ActiveCfg = Debug|Win32
		{96DAFD4D-1135-4A9C-AFAF-FE4265C65E72}.Debug|Mixed Platforms.Build.0 = Debug|Win32
		{96DAFD4D-1135-4A9C-AFAF-FE4265C65E72}.Debug|Mixed Platforms.Deploy.0 = Debug|Win32
		{96DAFD4D-1135-4A9C-AFAF-FE4265C65E72}.Debug|Win32.ActiveCfg = Debug|Win32
		{96DAFD4D-1135-4A9C-AFAF-FE4265C65E72}.Debug|Win32.Build.0 = Debug|Win32
		{96DAFD4D-1135-4A9C-AFAF-FE4265C65E72}.Debug|Win32.Deploy.0 = Debug|Win32
		{96DAFD4D-1135-4A9C-AFAF-FE4265C65E72}.Debug|x64.ActiveCfg = Debug|x64
		{96DAFD4D-1135-4A9C-AFAF-FE4265C65E72}.Debug|x64.Build.0 = Debug|x64
		{96DAFD4D-1135-4A9C-AFAF-FE4265C65E72}.Release|Mixed Platforms.ActiveCfg = Release|Win32
		{96DAFD4D-1135-4A9C-AFAF-FE4265C65E72}.Release|Mixed Platforms.Build.0 = Release|Win32
		{96DAFD4D-1135-4A9C-AFAF-FE4265C65E72}.Release|Mixed Platforms.Deploy.0 = Release|Win32
		{96DAFD4D-1135-4A9C-AFAF-FE4265C65E72}.Release|Win32.ActiveCfg = Release|Win32
		{96DAFD4D-1135-4A9C-AFAF-FE4265C65E72}.Release|Win32.Build.0 = Release|Win32
		{96DAFD4D-1135-4A9C-AFAF-FE4265C65E72}.Release|Win32.Deploy.0 = Release|Win32
		{96DAFD4D-1135-4A9C-AFAF-FE4265C65E72}.Release|x64.ActiveCfg = Release|Win32
		{96DAFD4D-1135-4A9C-AFAF-FE4265C65E72}.Win7 Debug|Mixed Platforms.ActiveCfg = Debug|Win32
		{96DAFD4D-1135-4A9C-AFAF-FE4265C65E72}.Win7 Debug|Mixed Platforms.Build.0 = Debug|Win32
		{96DAFD4D-1135-4A9C-AFAF-FE4265C65E72}.Win7 Debug|Mixed Platforms.Deploy.0 = Debug|Win32
		{96DAFD4D-1135-4A9C-AFAF-FE4265C65E72}.Win7 Debug|Win32.ActiveCfg = Debug|Win32
		{96DAFD4D-1135-4A9C-AFAF-FE4265C65E72}.Win7 Debug|Win32.Build.0 = Debug|Win32
		{96DAFD4D-1135-4A9C-AFAF-FE4265C65E72}.Win7 Debug|Win32.Deploy.0 = Debug|Win32
		{96DAFD4D-1135-4A9C-AFAF-FE4265C65E72}.Win7 Debug|x64.ActiveCfg = Debug|Win32
		{96DAFD4D-1135-4A9C-AFAF-FE4265C65E72}.Win7 Release|Mixed Platforms.ActiveCfg = Release|Win32
		{96DAFD4D-1135-4A9C-AFAF-FE4265C65E72}.Win7 Release|Mixed Platforms.Build.0 = Release|Win32
		{96DAFD4D-1135-4A9C-AFAF-FE4265C65E72}.Win7 Release|Mixed Platforms.Deploy.0 = Release|Win32
		{96DAFD4D-1135-4A9C-AFAF-FE4265C65E72}.Win7 Release|Win32.ActiveCfg = Release|Win32
		{96DAFD4D-1135-4A9C-AFAF-FE4265C65E72}.Win7 Release|Win32.Build.0 = Release|Win32
		{96DAFD4D-1135-4A9C-AFAF-FE4265C65E72}.Win7 Release|Win32.Deploy.0 = Release|Win32
		{96DAFD4D-1135-4A9C-AFAF-FE4265C65E72}.Win7 Release|x64.ActiveCfg = Release|Win32
		{96DAFD4D-1135-4A9C-AFAF-FE4265C65E72}.Win8 Debug|Mixed Platforms.ActiveCfg = Debug|Win32
		{96DAFD4D-1135-4A9C-AFAF-FE4265C65E72}.Win8 Debug|Mixed Platforms.Build.0 = Debug|Win32
		{96DAFD4D-1135-4A9C-AFAF-FE4265C65E72}.Win8 Debug|Mixed Platforms.Deploy.0 = Debug|Win32
		{96DAFD4D-1135-4A9C-AFAF-FE4265C65E72}.Win8 Debug|Win32.ActiveCfg = Debug|Win32
		{96DAFD4D-1135-4A9C-AFAF-FE4265C65E72}.Win8 Debug|Win32.Build.0 = Debug|Win32
		{96DAFD4D-1135-4A9C-AFAF-FE4265C65E72}.Win8 Debug|Win32.Deploy.0 = Debug|Win32
		{96DAFD4D-1135-4A9C-AFAF-FE4265C65E72}.Win8 Debug|x64.ActiveCfg = Debug|Win32
		{96DAFD4D-1135-4A9C-AFAF-FE4265C65E72}.Win8 Release|Mixed Platforms.ActiveCfg = Release|Win32
		{96DAFD4D-1135-4A9C-AFAF-FE4265C65E72}.Win8 Release|Mixed Platforms.Build.0 = Release|Win32
		{96DAFD4D-1135-4A9C-AFAF-FE4265C65E72}.Win8 Release|Mixed Platforms.Deploy.0 = Release|Win32
		{96DAFD4D-1135-4A9C-AFAF-FE4265C65E72}.Win8 Release|Win32.ActiveCfg = Release|Win32
		{96DAFD4D-1135-4A9C-AFAF-FE4265C65E72}.Win8 Release|Win32.Build.0 = Release|Win32
		{96DAFD4D-1135-4A9C-AFAF-FE4265C65E72}.Win8 Release|Win32.Deploy.0 = Release|Win32
		{96DAFD4D-1135-4A9C-AFAF-FE4265C65E72}.Win8 Release|x64.ActiveCfg = Release|Win32
		{96DAFD4D-1135-4A9C-AFAF-FE4265C65E72}.Win8.1 Debug|Mixed Platforms.ActiveCfg = Debug|Win32
		{96DAFD4D-1135-4A9C-AFAF-FE4265C65E72}.Win8.1 Debug|Mixed Platforms.Build.0 = Debug|Win32
		{96DAFD4D-1135-4A9C-AFAF-FE4265C65E72}.Win8.1 Debug|Mixed Platforms.Deploy.0 = Debug|Win32
		{96DAFD4D-1135-4A9C-AFAF-FE4265C65E72}.Win8.1 Debug|Win32.ActiveCfg = Debug|Win32
		{96DAFD4D-1135-4A9C-AFAF-FE4265C65E72}.Win8.1 Debug|Win32.Build.0 = Debug|Win32
		{96DAFD4D-1135-4A9C-AFAF-FE4265C65E72}.Win8.1 Debug|Win32.Deploy.0 = Debug|Win32
		{96DAFD4D-1135-4A9C-AFAF-FE4265C65E72}.Win8.1 Debug|x64.ActiveCfg = Debug|Win32
		{96DAFD4D-1135-4A9C-AFAF-FE4265C65E72}.Win8.1 Release|Mixed Platforms.ActiveCfg = Release|Win32
		{96DAFD4D-1135-4A9C-AFAF-FE4265C65E72}.Win8.1 Release|Mixed Platforms.Build.0 = Release|Win32
		{96DAFD4D-1135-4A9C-AFAF-FE4265C65E72}.Win8.1 Release|Mixed Platforms.Deploy.0 = Release|Win32
		{96DAFD4D-1135-4A9C-AFAF-FE4265C65E72}.Win8.1 Release|Win32.ActiveCfg = Release|Win32
		{96DAFD4D-1135-4A9C-AFAF-FE4265C65E72}.Win8.1 Release|Win32.Build.0 = Release|Win32
		{96DAFD4D-1135-4A9C-AFAF-FE4265C65E72}.Win8.1 Release|Win32.Deploy.0 = Release|Win32
		{96DAFD4D-1135-4A9C-AFAF-FE4265C65E72}.Win8.1 Release|x64.ActiveCfg = Release|Win32
		{EE38596E-ED07-49D2-8705-C0FC3DA49B46}.Debug|Mixed Platforms.ActiveCfg = Debug|Win32
		{EE38596E-ED07-49D2-8705-C0FC3DA49B46}.Debug|Mixed Platforms.Build.0 = Debug|Win32
		{EE38596E-ED07-49D2-8705-C0FC3DA49B46}.Debug|Win32.ActiveCfg = Debug|Win32
		{EE38596E-ED07-49D2-8705-C0FC3DA49B46}.Debug|Win32.Build.0 = Debug|Win32
		{EE38596E-ED07-49D2-8705-C0FC3DA49B46}.Debug|x64.ActiveCfg = Debug|x64
		{EE38596E-ED07-49D2-8705-C0FC3DA49B46}.Debug|x64.Build.0 = Debug|x64
		{EE38596E-ED07-49D2-8705-C0FC3DA49B46}.Release|Mixed Platforms.ActiveCfg = Release|Win32
		{EE38596E-ED07-49D2-8705-C0FC3DA49B46}.Release|Mixed Platforms.Build.0 = Release|Win32
		{EE38596E-ED07-49D2-8705-C0FC3DA49B46}.Release|Win32.ActiveCfg = Release|Win32
		{EE38596E-ED07-49D2-8705-C0FC3DA49B46}.Release|Win32.Build.0 = Release|Win32
		{EE38596E-ED07-49D2-8705-C0FC3DA49B46}.Release|x64.ActiveCfg = Release|Win32
		{EE38596E-ED07-49D2-8705-C0FC3DA49B46}.Win7 Debug|Mixed Platforms.ActiveCfg = Debug|Win32
		{EE38596E-ED07-49D2-8705-C0FC3DA49B46}.Win7 Debug|Mixed Platforms.Build.0 = Debug|Win32
		{EE38596E-ED07-49D2-8705-C0FC3DA49B46}.Win7 Debug|Win32.ActiveCfg = Debug|Win32
		{EE38596E-ED07-49D2-8705-C0FC3DA49B46}.Win7 Debug|Win32.Build.0 = Debug|Win32
		{EE38596E-ED07-49D2-8705-C0FC3DA49B46}.Win7 Debug|x64.ActiveCfg = Debug|Win32
		{EE38596E-ED07-49D2-8705-C0FC3DA49B46}.Win7 Release|Mixed Platforms.ActiveCfg = Release|Win32
		{EE38596E-ED07-49D2-8705-C0FC3DA49B46}.Win7 Release|Mixed Platforms.Build.0 = Release|Win32
		{EE38596E-ED07-49D2-8705-C0FC3DA49B46}.Win7 Release|Win32.ActiveCfg = Release|Win32
		{EE38596E-ED07-49D2-8705-C0FC3DA49B46}.Win7 Release|Win32.Build.0 = Release|Win32
		{EE38596E-ED07-49D2-8705-C0FC3DA49B46}.Win7 Release|x64.ActiveCfg = Release|Win32
		{EE38596E-ED07-49D2-8705-C0FC3DA49B46}.Win8 Debug|Mixed Platforms.ActiveCfg = Debug|Win32
		{EE38596E-ED07-49D2-8705-C0FC3DA49B46}.Win8 Debug|Mixed Platforms.Build.0 = Debug|Win32
		{EE38596E-ED07-49D2-8705-C0FC3DA49B46}.Win8 Debug|Win32.ActiveCfg = Debug|Win32
		{EE38596E-ED07-49D2-8705-C0FC3DA49B46}.Win8 Debug|Win32.Build.0 = Debug|Win32
		{EE38596E-ED07-49D2-8705-C0FC3DA49B46}.Win8 Debug|x64.ActiveCfg = Debug|Win32
		{EE38596E-ED07-49D2-8705-C0FC3DA49B46}.Win8 Release|Mixed Platforms.ActiveCfg = Release|Win32
		{EE38596E-ED07-49D2-8705-C0FC3DA49B46}.Win8 Release|Mixed Platforms.Build.0 = Release|Win32
		{EE38596E-ED07-49D2-8705-C0FC3DA49B46}.Win8 Release|Win32.ActiveCfg = Release|Win32
		{EE38596E-ED07-49D2-8705-C0FC3DA49B46}.Win8 Release|Win32.Build.0 = Release|Win32
		{EE38596E-ED07-49D2-8705-C0FC3DA49B46}.Win8 Release|x64.ActiveCfg = Release|Win32
		{EE38596E-ED07-49D2-8705-C0FC3DA49B46}.Win8.1 Debug|Mixed Platforms.ActiveCfg = Debug|Win32
		{EE38596E-ED07-49D2-8705-C0FC3DA49B46}.Win8.1 Debug|Mixed Platforms.Build.0 = Debug|Win32
		{EE38596E-ED07-49D2-8705-C0FC3DA49B46}.Win8.1 Debug|Win32.ActiveCfg = Debug|Win32
		{EE38596E-ED07-49D2-8705-C0FC3DA49B46}.Win8.1 Debug|Win32.Build.0 = Debug|Win32
		{EE38596E-ED07-49D2-8705-C0FC3DA49B46}.Win8.1 Debug|x64.ActiveCfg = Debug|Win32
		{EE38596E-ED07-49D2-8705-C0FC3DA49B46}.Win8.1 Release|Mixed Platforms.ActiveCfg = Release|Win32
		{EE38596E-ED07-49D2-8705-C0FC3DA49B46}.Win8.1 Release|Mixed Platforms.Build.0 = Release|Win32
		{EE38596E-ED07-49D2-8705-C0FC3DA49B46}.Win8.1 Release|Win32.ActiveCfg = Release|Win32
		{EE38596E-ED07-49D2-8705-C0FC3DA49B46}.Win8.1 Release|Win32.Build.0 = Release|Win32
		{EE38596E-ED07-49D2-8705-C0FC3DA49B46}.Win8.1 Release|x64.ActiveCfg = Release|Win32
	EndGlobalSection
	GlobalSection(SolutionProperties) = preSolution
		HideSolutionNode = FALSE
	EndGlobalSection
	GlobalSection(NestedProjects) = preSolution
		{96DAFD4D-1135-4A9C-AFAF-FE4265C65E72} = {C369587E-7056-43FC-9074-0C995B5F0A4C}
		{EE38596E-ED07-49D2-8705-C0FC3DA49B46} = {C369587E-7056-43FC-9074-0C995B5F0A4C}
	EndGlobalSection
EndGlobal
