<?xml version="1.0" encoding="utf-8"?>
<Project ToolsVersion="4.0" xmlns="http://schemas.microsoft.com/developer/msbuild/2003">
  <ItemGroup>
    <Filter Include="Source Files">
      <UniqueIdentifier>{4FC737F1-C7A5-4376-A066-2A32D752A2FF}</UniqueIdentifier>
      <Extensions>cpp;c;cc;cxx;def;odl;idl;hpj;bat;asm;asmx</Extensions>
    </Filter>
    <Filter Include="Header Files">
      <UniqueIdentifier>{93995380-89BD-4b04-88EB-625FBE52EBFB}</UniqueIdentifier>
      <Extensions>h;hpp;hxx;hm;inl;inc;xsd</Extensions>
    </Filter>
    <Filter Include="Header Files\aalsdk">
      <UniqueIdentifier>{07c1d37a-6772-4dfb-a6e5-ba33e16998ed}</UniqueIdentifier>
    </Filter>
    <Filter Include="Header Files\aalsdk\uaia">
      <UniqueIdentifier>{0f7d74b8-a37b-4cb6-9528-4e442e3dde58}</UniqueIdentifier>
    </Filter>
  </ItemGroup>
  <ItemGroup>
    <ClCompile Include="..\AALuAIA_Messaging.cpp">
      <Filter>Source Files</Filter>
    </ClCompile>
    <ClCompile Include="..\AALuAIA_UIDriverClient.cpp">
      <Filter>Source Files</Filter>
    </ClCompile>
    <ClCompile Include="..\AFUdev.cpp">
      <Filter>Source Files</Filter>
    </ClCompile>
    <ClCompile Include="..\AFUpkg.cpp">
      <Filter>Source Files</Filter>
    </ClCompile>
    <ClCompile Include="..\uAIA.cpp">
      <Filter>Source Files</Filter>
    </ClCompile>
    <ClCompile Include="..\uAIADllMain.cpp">
      <Filter>Source Files</Filter>
    </ClCompile>
    <ClCompile Include="..\uAIASession.cpp">
      <Filter>Source Files</Filter>
    </ClCompile>
    <ClCompile Include="..\uidrvMessage.cpp">
      <Filter>Source Files</Filter>
    </ClCompile>
    <ClCompile Include="..\..\faptrans\FAP10.cpp">
      <Filter>Source Files</Filter>
    </ClCompile>
    <ClCompile Include="..\..\faptrans\FAP20.cpp">
      <Filter>Source Files</Filter>
    </ClCompile>
  </ItemGroup>
  <ItemGroup>
    <ClInclude Include="..\..\..\include\aalsdk\uaia\AALuAIA_Messaging.h">
      <Filter>Header Files\aalsdk\uaia</Filter>
    </ClInclude>
    <ClInclude Include="..\..\..\include\aalsdk\uaia\AALuAIA_UIDriverClient.h">
      <Filter>Header Files\aalsdk\uaia</Filter>
    </ClInclude>
    <ClInclude Include="..\..\..\include\aalsdk\uaia\AIA.h">
      <Filter>Header Files\aalsdk\uaia</Filter>
    </ClInclude>
    <ClInclude Include="..\..\..\include\aalsdk\uaia\FAPPIP_AFUdev.h">
      <Filter>Header Files\aalsdk\uaia</Filter>
    </ClInclude>
    <ClInclude Include="..\..\..\include\aalsdk\uaia\IUAIASession.h">
      <Filter>Header Files\aalsdk\uaia</Filter>
    </ClInclude>
    <ClInclude Include="..\..\..\include\aalsdk\uaia\uAIA.h">
      <Filter>Header Files\aalsdk\uaia</Filter>
    </ClInclude>
    <ClInclude Include="..\..\..\include\aalsdk\uaia\uAIADefs.h">
      <Filter>Header Files\aalsdk\uaia</Filter>
    </ClInclude>
    <ClInclude Include="..\..\..\include\aalsdk\uaia\uAIASession.h">
      <Filter>Header Files\aalsdk\uaia</Filter>
    </ClInclude>
    <ClInclude Include="..\..\..\include\aalsdk\uaia\uidrvMessage.h">
      <Filter>Header Files\aalsdk\uaia</Filter>
    </ClInclude>
  </ItemGroup>
</Project>