<?xml version="1.0" encoding="utf-8"?>
<Project ToolsVersion="4.0" xmlns="http://schemas.microsoft.com/developer/msbuild/2003">
  <ItemGroup>
    <Filter Include="cci_PCIe_driver">
      <UniqueIdentifier>{e5426951-3ba3-4e05-9960-17a56459a428}</UniqueIdentifier>
    </Filter>
    <Filter Include="cci_PCIe_driver\Source Files">
      <UniqueIdentifier>{54377133-4133-412f-880b-4d4fea86be07}</UniqueIdentifier>
    </Filter>
    <Filter Include="cci_PCIe_driver\Driver Files">
      <UniqueIdentifier>{2d96039b-287b-4034-be2e-bb6c8d3d7cfb}</UniqueIdentifier>
    </Filter>
    <Filter Include="cci_PCIe_driver\Header Files">
      <UniqueIdentifier>{93995380-89BD-4b04-88EB-625FBE52EBFB}</UniqueIdentifier>
      <Extensions>h;hpp;hxx;hm;inl;inc;xsd</Extensions>
    </Filter>
    <Filter Include="cci_PCIe_driver\Resource Files">
      <UniqueIdentifier>{67DA6AB6-F800-4c08-8B7A-83BB121AAD01}</UniqueIdentifier>
      <Extensions>rc;ico;cur;bmp;dlg;rc2;rct;bin;rgs;gif;jpg;jpeg;jpe;resx;tiff;tif;png;wav;mfcribbon-ms</Extensions>
    </Filter>
  </ItemGroup>
  <ItemGroup>
    <ClCompile Include="cci_PCIe_driver\cci_pcie_driver_main_windows.c">
      <Filter>cci_PCIe_driver\Source Files</Filter>
    </ClCompile>
  </ItemGroup>
</Project>