<?xml version="1.0" encoding="utf-8"?>
<Project ToolsVersion="4.0" xmlns="http://schemas.microsoft.com/developer/msbuild/2003">
  <ItemGroup>
    <Filter Include="Source Files">
      <UniqueIdentifier>{4FC737F1-C7A5-4376-A066-2A32D752A2FF}</UniqueIdentifier>
      <Extensions>cpp;c;cc;cxx;def;odl;idl;hpj;bat;asm;asmx</Extensions>
    </Filter>
    <Filter Include="Header Files">
      <UniqueIdentifier>{93995380-89BD-4b04-88EB-625FBE52EBFB}</UniqueIdentifier>
      <Extensions>h;hh;hpp;hxx;hm;inl;inc;xsd</Extensions>
    </Filter>
    <Filter Include="Header Files\aalsdk">
      <UniqueIdentifier>{9741d636-c28d-444a-8718-66870358a3a6}</UniqueIdentifier>
    </Filter>
    <Filter Include="Header Files\aalsdk\aas">
      <UniqueIdentifier>{983d0c0e-9dbd-4762-ae80-24cccc3f2321}</UniqueIdentifier>
    </Filter>
  </ItemGroup>
  <ItemGroup>
    <ClInclude Include="..\..\aaluser\include\aalsdk\aas\AALInProcServiceFactory.h">
      <Filter>Header Files</Filter>
    </ClInclude>
    <ClInclude Include="..\..\aaluser\include\aalsdk\aas\AALIPCServiceFactory.h">
      <Filter>Header Files</Filter>
    </ClInclude>
    <ClInclude Include="..\..\aaluser\include\aalsdk\aas\AALService.h">
      <Filter>Header Files</Filter>
    </ClInclude>
    <ClInclude Include="..\..\aaluser\include\aalsdk\aas\AALServiceModule.h">
      <Filter>Header Files</Filter>
    </ClInclude>
    <ClInclude Include="..\..\aaluser\include\aalsdk\aas\AASService.h">
      <Filter>Header Files</Filter>
    </ClInclude>
    <ClInclude Include="..\..\aaluser\include\aalsdk\aas\Dispatchables.h">
      <Filter>Header Files</Filter>
    </ClInclude>
    <ClInclude Include="..\..\aaluser\include\aalsdk\aas\IServiceBroker.h">
      <Filter>Header Files</Filter>
    </ClInclude>
    <ClInclude Include="..\..\aaluser\include\aalsdk\aas\ServiceHost.h">
      <Filter>Header Files</Filter>
    </ClInclude>
  </ItemGroup>
  <ItemGroup>
    <ClCompile Include="..\..\aaluser\aas\AASLib\AALlib.cpp">
      <Filter>Source Files</Filter>
    </ClCompile>
    <ClCompile Include="..\..\aaluser\aas\AASLib\AALService.cpp">
      <Filter>Source Files</Filter>
    </ClCompile>
    <ClCompile Include="..\..\aaluser\aas\AASLib\AALServiceModule.cpp">
      <Filter>Source Files</Filter>
    </ClCompile>
    <ClCompile Include="..\..\aaluser\aas\AASLib\AALTransactionID.cpp">
      <Filter>Source Files</Filter>
    </ClCompile>
    <ClCompile Include="..\..\aaluser\aas\AASLib\CAALBase.cpp">
      <Filter>Source Files</Filter>
    </ClCompile>
    <ClCompile Include="..\..\aaluser\aas\AASLib\CAALEvent.cpp">
      <Filter>Source Files</Filter>
    </ClCompile>
    <ClCompile Include="..\..\aaluser\aas\AASLib\CAALEventUtilities.cpp">
      <Filter>Source Files</Filter>
    </ClCompile>
    <ClCompile Include="..\..\aaluser\aas\AASLib\CAALLogger.cpp">
      <Filter>Source Files</Filter>
    </ClCompile>
    <ClCompile Include="..\..\aaluser\aas\AASLib\CAALWorkSpaceUtilities.cpp">
      <Filter>Source Files</Filter>
    </ClCompile>
    <ClCompile Include="..\..\aaluser\aas\AASLib\CCountedObject.cpp">
      <Filter>Source Files</Filter>
    </ClCompile>
    <ClCompile Include="..\..\aaluser\aas\AASLib\CNamedValueSet.cpp">
      <Filter>Source Files</Filter>
    </ClCompile>
    <ClCompile Include="..\..\aaluser\aas\AASLib\Dispatchables.cpp">
      <Filter>Source Files</Filter>
    </ClCompile>
    <ClCompile Include="..\..\aaluser\aas\AASLib\KernelStructs.cpp">
      <Filter>Source Files</Filter>
    </ClCompile>
    <ClCompile Include="..\..\aaluser\aas\AASLib\ResMgrUtilities.cpp">
      <Filter>Source Files</Filter>
    </ClCompile>
  </ItemGroup>
</Project>