<?xml version="1.0" encoding="utf-8"?>
<Project ToolsVersion="4.0" xmlns="http://schemas.microsoft.com/developer/msbuild/2003">
  <ItemGroup>
    <Filter Include="Source Files">
      <UniqueIdentifier>{4FC737F1-C7A5-4376-A066-2A32D752A2FF}</UniqueIdentifier>
      <Extensions>cpp;c;cc;cxx;def;odl;idl;hpj;bat;asm;asmx</Extensions>
    </Filter>
    <Filter Include="Header Files">
      <UniqueIdentifier>{93995380-89BD-4b04-88EB-625FBE52EBFB}</UniqueIdentifier>
      <Extensions>h;hh;hpp;hxx;hm;inl;inc;xsd</Extensions>
    </Filter>
    <Filter Include="Header Files\aalsdk">
      <UniqueIdentifier>{1df54978-58a5-42f3-b899-77c27afa985c}</UniqueIdentifier>
    </Filter>
    <Filter Include="Header Files\aalsdk\aas">
      <UniqueIdentifier>{81163342-993c-4806-8142-256f8d8ad0df}</UniqueIdentifier>
    </Filter>
  </ItemGroup>
  <ItemGroup>
    <ClCompile Include="..\..\aaluser\aas\AALRuntime\rtlib.cpp">
      <Filter>Source Files</Filter>
    </ClCompile>
    <ClCompile Include="..\..\aaluser\aas\AALRuntime\Runtime.cpp">
      <Filter>Source Files</Filter>
    </ClCompile>
    <ClCompile Include="..\..\aaluser\aas\AALRuntime\ServiceHost.cpp">
      <Filter>Source Files</Filter>
    </ClCompile>
    <ClCompile Include="..\..\aaluser\aas\AALRuntime\_MessageDelivery.cpp">
      <Filter>Source Files</Filter>
    </ClCompile>
    <ClCompile Include="..\..\aaluser\aas\AALRuntime\_RuntimeImpl.cpp">
      <Filter>Source Files</Filter>
    </ClCompile>
    <ClCompile Include="..\..\aaluser\aas\AALRuntime\_ServiceBroker.cpp">
      <Filter>Source Files</Filter>
    </ClCompile>
  </ItemGroup>
  <ItemGroup>
    <ClInclude Include="..\..\aaluser\include\aalsdk\aas\IServiceBroker.h">
      <Filter>Header Files</Filter>
    </ClInclude>
    <ClInclude Include="..\..\aaluser\include\aalsdk\aas\ServiceHost.h">
      <Filter>Header Files</Filter>
    </ClInclude>
    <ClInclude Include="..\..\aaluser\aas\AALRuntime\_MessageDelivery.h">
      <Filter>Header Files</Filter>
    </ClInclude>
    <ClInclude Include="..\..\aaluser\aas\AALRuntime\_RuntimeImpl.h">
      <Filter>Header Files</Filter>
    </ClInclude>
    <ClInclude Include="..\..\aaluser\aas\AALRuntime\_ServiceBroker.h">
      <Filter>Header Files</Filter>
    </ClInclude>
  </ItemGroup>
</Project>