<?xml version="1.0" encoding="utf-8"?>
<Project ToolsVersion="14.0" xmlns="http://schemas.microsoft.com/developer/msbuild/2003">
  <ItemGroup>
    <Filter Include="Header Files">
      <UniqueIdentifier>{caab5ce0-428c-4953-9113-f219780a7a42}</UniqueIdentifier>
    </Filter>
    <Filter Include="Source Files">
      <UniqueIdentifier>{a253f189-16e4-4749-ba77-a406fd0c07e1}</UniqueIdentifier>
    </Filter>
  </ItemGroup>
  <ItemGroup>
    <ClInclude Include="..\sdk\tests\harnessed\gtest\gtcommon\gtCommon.h">
      <Filter>Header Files</Filter>
    </ClInclude>
    <ClInclude Include="..\sdk\tests\harnessed\gtest\gtcommon\gtCommon_Config.h">
      <Filter>Header Files</Filter>
    </ClInclude>
    <ClInclude Include="..\sdk\tests\harnessed\gtest\gtcommon\gtCommon_Console.h">
      <Filter>Header Files</Filter>
    </ClInclude>
    <ClInclude Include="..\sdk\tests\harnessed\gtest\gtcommon\gtCommon_GTest.h">
      <Filter>Header Files</Filter>
    </ClInclude>
    <ClInclude Include="..\sdk\tests\harnessed\gtest\gtcommon\gtCommon_Mocks.h">
      <Filter>Header Files</Filter>
    </ClInclude>
    <ClInclude Include="..\sdk\tests\harnessed\gtest\gtcommon\gtCommon_RNG.h">
      <Filter>Header Files</Filter>
    </ClInclude>
    <ClInclude Include="..\sdk\tests\harnessed\gtest\gtcommon\gtCommon_Signals.h">
      <Filter>Header Files</Filter>
    </ClInclude>
    <ClInclude Include="..\sdk\tests\harnessed\gtest\gtcommon\gtCommon_Status.h">
      <Filter>Header Files</Filter>
    </ClInclude>
    <ClInclude Include="..\sdk\tests\harnessed\gtest\gtcommon\gtCommon_Stream.h">
      <Filter>Header Files</Filter>
    </ClInclude>
    <ClInclude Include="..\sdk\tests\harnessed\gtest\gtcommon\gtCommon_ClassOverrides.h">
      <Filter>Header Files</Filter>
    </ClInclude>
    <ClInclude Include="..\sdk\tests\harnessed\gtest\gtcommon\gtCommon_DoWorker.h">
      <Filter>Header Files</Filter>
    </ClInclude>
    <ClInclude Include="..\sdk\tests\harnessed\gtest\gtcommon\gtCommon_ModuleStub.h">
      <Filter>Header Files</Filter>
    </ClInclude>
    <ClInclude Include="..\sdk\tests\harnessed\gtest\gtcommon\gtCommon_RTAdapter.h">
      <Filter>Header Files</Filter>
    </ClInclude>
    <ClInclude Include="..\sdk\tests\harnessed\gtest\gtcommon\gtCommon_RTClientAdapter.h">
      <Filter>Header Files</Filter>
    </ClInclude>
    <ClInclude Include="..\sdk\tests\harnessed\gtest\gtcommon\gtCommon_ServiceListener.h">
      <Filter>Header Files</Filter>
    </ClInclude>
    <ClInclude Include="..\sdk\tests\harnessed\gtest\gtcommon\gtCommon_SMocks.h">
      <Filter>Header Files</Filter>
    </ClInclude>
    <ClInclude Include="..\sdk\tests\harnessed\gtest\gtcommon\gtCommon_VisitingWorker.h">
      <Filter>Header Files</Filter>
    </ClInclude>
    <ClInclude Include="..\sdk\tests\harnessed\gtest\gtcommon\gtCommon_Builder.h">
      <Filter>Header Files</Filter>
    </ClInclude>
  </ItemGroup>
  <ItemGroup>
    <ClCompile Include="..\sdk\tests\harnessed\gtest\gtcommon\gtCommon.cpp">
      <Filter>Source Files</Filter>
    </ClCompile>
    <ClCompile Include="..\sdk\tests\harnessed\gtest\gtcommon\gtCommon_Config.cpp">
      <Filter>Source Files</Filter>
    </ClCompile>
    <ClCompile Include="..\sdk\tests\harnessed\gtest\gtcommon\gtCommon_Console.cpp">
      <Filter>Source Files</Filter>
    </ClCompile>
    <ClCompile Include="..\sdk\tests\harnessed\gtest\gtcommon\gtCommon_GTest.cpp">
      <Filter>Source Files</Filter>
    </ClCompile>
    <ClCompile Include="..\sdk\tests\harnessed\gtest\gtcommon\gtCommon_Mocks.cpp">
      <Filter>Source Files</Filter>
    </ClCompile>
    <ClCompile Include="..\sdk\tests\harnessed\gtest\gtcommon\gtCommon_RNG.cpp">
      <Filter>Source Files</Filter>
    </ClCompile>
    <ClCompile Include="..\sdk\tests\harnessed\gtest\gtcommon\gtCommon_Signals.cpp">
      <Filter>Source Files</Filter>
    </ClCompile>
    <ClCompile Include="..\sdk\tests\harnessed\gtest\gtcommon\gtCommon_Status.cpp">
      <Filter>Source Files</Filter>
    </ClCompile>
    <ClCompile Include="..\sdk\tests\harnessed\gtest\gtcommon\gtCommon_Stream.cpp">
      <Filter>Source Files</Filter>
    </ClCompile>
    <ClCompile Include="..\sdk\tests\harnessed\gtest\gtcommon\gtCommon_RTAdapter.cpp">
      <Filter>Source Files</Filter>
    </ClCompile>
    <ClCompile Include="..\sdk\tests\harnessed\gtest\gtcommon\gtCommon_RTClientAdapter.cpp">
      <Filter>Source Files</Filter>
    </ClCompile>
    <ClCompile Include="..\sdk\tests\harnessed\gtest\gtcommon\gtCommon_SMocks.cpp">
      <Filter>Source Files</Filter>
    </ClCompile>
    <ClCompile Include="..\sdk\tests\harnessed\gtest\gtcommon\gtCommon_DoWorker.cpp">
      <Filter>Source Files</Filter>
    </ClCompile>
  </ItemGroup>
</Project>