<?xml version="1.0" encoding="utf-8"?>
<Project ToolsVersion="14.0" xmlns="http://schemas.microsoft.com/developer/msbuild/2003">
  <ItemGroup>
    <Filter Include="Source FIles">
      <UniqueIdentifier>{1f753930-d6c2-4ffd-bcc0-dd7e320aab8c}</UniqueIdentifier>
    </Filter>
    <Filter Include="Header Files">
      <UniqueIdentifier>{26e3ebf7-d37e-4a7d-b52b-976cb533f2a8}</UniqueIdentifier>
    </Filter>
  </ItemGroup>
  <ItemGroup>
    <ClCompile Include="..\..\aaluser\aas\RRMBrokerService\ServiceBroker.cpp">
      <Filter>Source FIles</Filter>
    </ClCompile>
    <ClCompile Include="..\..\aaluser\aas\RRMBrokerService\CResourceManagerProxy.cpp">
      <Filter>Source FIles</Filter>
    </ClCompile>
    <ClCompile Include="..\..\aaluser\aas\RRMBrokerService\CResourceManager.cpp">
      <Filter>Source FIles</Filter>
    </ClCompile>
  </ItemGroup>
  <ItemGroup>
    <ClInclude Include="..\..\aaluser\aas\RRMBrokerService\CResourceManager.h">
      <Filter>Header Files</Filter>
    </ClInclude>
    <ClInclude Include="..\..\aaluser\aas\RRMBrokerService\CResourceManagerProxy.h">
      <Filter>Header Files</Filter>
    </ClInclude>
    <ClInclude Include="..\..\aaluser\aas\RRMBrokerService\ServiceBroker.h">
      <Filter>Header Files</Filter>
    </ClInclude>
  </ItemGroup>
</Project>