
Microsoft Visual Studio Solution File, Format Version 12.00
# Visual Studio 2013
VisualStudioVersion = 12.0.21005.1
MinimumVisualStudioVersion = 10.0.40219.1
Project("{8BC9CEB8-8B4A-11D0-8D11-00A0C91BC942}") = "libgtest", "libgtest.vcxproj", "{C30F3FA9-E382-438B-B831-6A6F6FCBD384}"
EndProject
Project("{2150E333-8FDC-42A3-9474-1A3956D46DE8}") = "gtest", "gtest", "{78D7A5D9-4F2F-4ACF-9498-55D87F37A652}"
EndProject
Project("{2150E333-8FDC-42A3-9474-1A3956D46DE8}") = "aaluser", "aaluser", "{C60BE47B-FBDC-490F-BDE6-9C7F8ED5881F}"
EndProject
Project("{2150E333-8FDC-42A3-9474-1A3956D46DE8}") = "utils", "utils", "{B0FE8753-367A-4CF3-BD85-5D0CF672F17A}"
EndProject
Project("{8BC9CEB8-8B4A-11D0-8D11-00A0C91BC942}") = "substitute", "..\..\aaluser\utils\substitute\substitute.vcxproj", "{B5633A5B-A64E-4EF9-BFC2-5069502EE175}"
EndProject
Project("{8BC9CEB8-8B4A-11D0-8D11-00A0C91BC942}") = "libOSAL", "libOSAL.vcxproj", "{4C7A6B0B-E7CD-4866-B642-1909495B8682}"
	ProjectSection(ProjectDependencies) = postProject
		{B5633A5B-A64E-4EF9-BFC2-5069502EE175} = {B5633A5B-A64E-4EF9-BFC2-5069502EE175}
	EndProjectSection
EndProject
Project("{8BC9CEB8-8B4A-11D0-8D11-00A0C91BC942}") = "libAAS", "libAAS.vcxproj", "{22D82DC4-66CE-4D75-960F-CD0A5A40C519}"
	ProjectSection(ProjectDependencies) = postProject
		{4C7A6B0B-E7CD-4866-B642-1909495B8682} = {4C7A6B0B-E7CD-4866-B642-1909495B8682}
	EndProjectSection
EndProject
Project("{8BC9CEB8-8B4A-11D0-8D11-00A0C91BC942}") = "libaalrt", "libaalrt.vcxproj", "{314AD84F-1736-415A-98BD-33129F049FE3}"
	ProjectSection(ProjectDependencies) = postProject
		{22D82DC4-66CE-4D75-960F-CD0A5A40C519} = {22D82DC4-66CE-4D75-960F-CD0A5A40C519}
	EndProjectSection
EndProject
Project("{2150E333-8FDC-42A3-9474-1A3956D46DE8}") = "swval", "swval", "{820FC6E3-37EC-436C-B11F-17C34ACCF6D1}"
EndProject
Project("{8BC9CEB8-8B4A-11D0-8D11-00A0C91BC942}") = "libswvalmod", "libswvalmod.vcxproj", "{7A9D11F2-7CA7-46B1-83BB-87E92EC3C376}"
EndProject
Project("{8BC9CEB8-8B4A-11D0-8D11-00A0C91BC942}") = "libswvalsvcmod", "libswvalsvcmod.vcxproj", "{B5A2CF2A-73AB-41C0-8127-48EEBC8328A2}"
	ProjectSection(ProjectDependencies) = postProject
		{314AD84F-1736-415A-98BD-33129F049FE3} = {314AD84F-1736-415A-98BD-33129F049FE3}
	EndProjectSection
EndProject
Project("{8BC9CEB8-8B4A-11D0-8D11-00A0C91BC942}") = "libaia", "libaia.vcxproj", "{6F062186-3ADF-417F-A7FC-23AEF4530FB0}"
	ProjectSection(ProjectDependencies) = postProject
		{4C7A6B0B-E7CD-4866-B642-1909495B8682} = {4C7A6B0B-E7CD-4866-B642-1909495B8682}
		{314AD84F-1736-415A-98BD-33129F049FE3} = {314AD84F-1736-415A-98BD-33129F049FE3}
		{22D82DC4-66CE-4D75-960F-CD0A5A40C519} = {22D82DC4-66CE-4D75-960F-CD0A5A40C519}
	EndProjectSection
EndProject
Project("{8BC9CEB8-8B4A-11D0-8D11-00A0C91BC942}") = "swtest", "swtest.vcxproj", "{976B93C9-9D4A-4F5D-9D8C-72110BD753C7}"
	ProjectSection(ProjectDependencies) = postProject
		{4C7A6B0B-E7CD-4866-B642-1909495B8682} = {4C7A6B0B-E7CD-4866-B642-1909495B8682}
		{B5A2CF2A-73AB-41C0-8127-48EEBC8328A2} = {B5A2CF2A-73AB-41C0-8127-48EEBC8328A2}
		{314AD84F-1736-415A-98BD-33129F049FE3} = {314AD84F-1736-415A-98BD-33129F049FE3}
		{6F062186-3ADF-417F-A7FC-23AEF4530FB0} = {6F062186-3ADF-417F-A7FC-23AEF4530FB0}
		{C30F3FA9-E382-438B-B831-6A6F6FCBD384} = {C30F3FA9-E382-438B-B831-6A6F6FCBD384}
		{22D82DC4-66CE-4D75-960F-CD0A5A40C519} = {22D82DC4-66CE-4D75-960F-CD0A5A40C519}
		{D253BEDB-18B8-412A-A6D9-962C54209B52} = {D253BEDB-18B8-412A-A6D9-962C54209B52}
		{7A9D11F2-7CA7-46B1-83BB-87E92EC3C376} = {7A9D11F2-7CA7-46B1-83BB-87E92EC3C376}
	EndProjectSection
EndProject
Project("{8BC9CEB8-8B4A-11D0-8D11-00A0C91BC942}") = "libgtcommon", "libgtcommon.vcxproj", "{D253BEDB-18B8-412A-A6D9-962C54209B52}"
	ProjectSection(ProjectDependencies) = postProject
		{4C7A6B0B-E7CD-4866-B642-1909495B8682} = {4C7A6B0B-E7CD-4866-B642-1909495B8682}
		{314AD84F-1736-415A-98BD-33129F049FE3} = {314AD84F-1736-415A-98BD-33129F049FE3}
		{B5633A5B-A64E-4EF9-BFC2-5069502EE175} = {B5633A5B-A64E-4EF9-BFC2-5069502EE175}
		{C30F3FA9-E382-438B-B831-6A6F6FCBD384} = {C30F3FA9-E382-438B-B831-6A6F6FCBD384}
		{22D82DC4-66CE-4D75-960F-CD0A5A40C519} = {22D82DC4-66CE-4D75-960F-CD0A5A40C519}
	EndProjectSection
EndProject
Project("{8BC9CEB8-8B4A-11D0-8D11-00A0C91BC942}") = "nlb0test", "nlb0test.vcxproj", "{6AAFB8D0-80E0-47F1-BCC0-AA30473B9FFF}"
	ProjectSection(ProjectDependencies) = postProject
		{4C7A6B0B-E7CD-4866-B642-1909495B8682} = {4C7A6B0B-E7CD-4866-B642-1909495B8682}
		{314AD84F-1736-415A-98BD-33129F049FE3} = {314AD84F-1736-415A-98BD-33129F049FE3}
		{6F062186-3ADF-417F-A7FC-23AEF4530FB0} = {6F062186-3ADF-417F-A7FC-23AEF4530FB0}
		{C30F3FA9-E382-438B-B831-6A6F6FCBD384} = {C30F3FA9-E382-438B-B831-6A6F6FCBD384}
		{22D82DC4-66CE-4D75-960F-CD0A5A40C519} = {22D82DC4-66CE-4D75-960F-CD0A5A40C519}
		{D253BEDB-18B8-412A-A6D9-962C54209B52} = {D253BEDB-18B8-412A-A6D9-962C54209B52}
	EndProjectSection
EndProject
Global
	GlobalSection(SolutionConfigurationPlatforms) = preSolution
		Debug|ARM = Debug|ARM
		Debug|x64 = Debug|x64
		Debug|x86 = Debug|x86
		Release|ARM = Release|ARM
		Release|x64 = Release|x64
		Release|x86 = Release|x86
	EndGlobalSection
	GlobalSection(ProjectConfigurationPlatforms) = postSolution
		{C30F3FA9-E382-438B-B831-6A6F6FCBD384}.Debug|ARM.ActiveCfg = Debug|Win32
		{C30F3FA9-E382-438B-B831-6A6F6FCBD384}.Debug|x64.ActiveCfg = Debug|x64
		{C30F3FA9-E382-438B-B831-6A6F6FCBD384}.Debug|x64.Build.0 = Debug|x64
		{C30F3FA9-E382-438B-B831-6A6F6FCBD384}.Debug|x86.ActiveCfg = Debug|Win32
		{C30F3FA9-E382-438B-B831-6A6F6FCBD384}.Debug|x86.Build.0 = Debug|Win32
		{C30F3FA9-E382-438B-B831-6A6F6FCBD384}.Release|ARM.ActiveCfg = Release|Win32
		{C30F3FA9-E382-438B-B831-6A6F6FCBD384}.Release|x64.ActiveCfg = Release|x64
		{C30F3FA9-E382-438B-B831-6A6F6FCBD384}.Release|x64.Build.0 = Release|x64
		{C30F3FA9-E382-438B-B831-6A6F6FCBD384}.Release|x86.ActiveCfg = Release|Win32
		{C30F3FA9-E382-438B-B831-6A6F6FCBD384}.Release|x86.Build.0 = Release|Win32
		{B5633A5B-A64E-4EF9-BFC2-5069502EE175}.Debug|ARM.ActiveCfg = Debug|Win32
		{B5633A5B-A64E-4EF9-BFC2-5069502EE175}.Debug|x64.ActiveCfg = Debug|x64
		{B5633A5B-A64E-4EF9-BFC2-5069502EE175}.Debug|x64.Build.0 = Debug|x64
		{B5633A5B-A64E-4EF9-BFC2-5069502EE175}.Debug|x86.ActiveCfg = Debug|Win32
		{B5633A5B-A64E-4EF9-BFC2-5069502EE175}.Debug|x86.Build.0 = Debug|Win32
		{B5633A5B-A64E-4EF9-BFC2-5069502EE175}.Release|ARM.ActiveCfg = Release|Win32
		{B5633A5B-A64E-4EF9-BFC2-5069502EE175}.Release|x64.ActiveCfg = Release|x64
		{B5633A5B-A64E-4EF9-BFC2-5069502EE175}.Release|x64.Build.0 = Release|x64
		{B5633A5B-A64E-4EF9-BFC2-5069502EE175}.Release|x86.ActiveCfg = Release|Win32
		{B5633A5B-A64E-4EF9-BFC2-5069502EE175}.Release|x86.Build.0 = Release|Win32
		{4C7A6B0B-E7CD-4866-B642-1909495B8682}.Debug|ARM.ActiveCfg = Debug|Win32
		{4C7A6B0B-E7CD-4866-B642-1909495B8682}.Debug|x64.ActiveCfg = Debug|x64
		{4C7A6B0B-E7CD-4866-B642-1909495B8682}.Debug|x64.Build.0 = Debug|x64
		{4C7A6B0B-E7CD-4866-B642-1909495B8682}.Debug|x86.ActiveCfg = Debug|Win32
		{4C7A6B0B-E7CD-4866-B642-1909495B8682}.Debug|x86.Build.0 = Debug|Win32
		{4C7A6B0B-E7CD-4866-B642-1909495B8682}.Release|ARM.ActiveCfg = Release|Win32
		{4C7A6B0B-E7CD-4866-B642-1909495B8682}.Release|x64.ActiveCfg = Release|x64
		{4C7A6B0B-E7CD-4866-B642-1909495B8682}.Release|x64.Build.0 = Release|x64
		{4C7A6B0B-E7CD-4866-B642-1909495B8682}.Release|x86.ActiveCfg = Release|Win32
		{4C7A6B0B-E7CD-4866-B642-1909495B8682}.Release|x86.Build.0 = Release|Win32
		{22D82DC4-66CE-4D75-960F-CD0A5A40C519}.Debug|ARM.ActiveCfg = Debug|Win32
		{22D82DC4-66CE-4D75-960F-CD0A5A40C519}.Debug|x64.ActiveCfg = Debug|x64
		{22D82DC4-66CE-4D75-960F-CD0A5A40C519}.Debug|x64.Build.0 = Debug|x64
		{22D82DC4-66CE-4D75-960F-CD0A5A40C519}.Debug|x86.ActiveCfg = Debug|Win32
		{22D82DC4-66CE-4D75-960F-CD0A5A40C519}.Debug|x86.Build.0 = Debug|Win32
		{22D82DC4-66CE-4D75-960F-CD0A5A40C519}.Release|ARM.ActiveCfg = Release|Win32
		{22D82DC4-66CE-4D75-960F-CD0A5A40C519}.Release|x64.ActiveCfg = Release|x64
		{22D82DC4-66CE-4D75-960F-CD0A5A40C519}.Release|x64.Build.0 = Release|x64
		{22D82DC4-66CE-4D75-960F-CD0A5A40C519}.Release|x86.ActiveCfg = Release|Win32
		{22D82DC4-66CE-4D75-960F-CD0A5A40C519}.Release|x86.Build.0 = Release|Win32
		{314AD84F-1736-415A-98BD-33129F049FE3}.Debug|ARM.ActiveCfg = Debug|Win32
		{314AD84F-1736-415A-98BD-33129F049FE3}.Debug|x64.ActiveCfg = Debug|x64
		{314AD84F-1736-415A-98BD-33129F049FE3}.Debug|x64.Build.0 = Debug|x64
		{314AD84F-1736-415A-98BD-33129F049FE3}.Debug|x86.ActiveCfg = Debug|Win32
		{314AD84F-1736-415A-98BD-33129F049FE3}.Debug|x86.Build.0 = Debug|Win32
		{314AD84F-1736-415A-98BD-33129F049FE3}.Release|ARM.ActiveCfg = Release|Win32
		{314AD84F-1736-415A-98BD-33129F049FE3}.Release|x64.ActiveCfg = Release|x64
		{314AD84F-1736-415A-98BD-33129F049FE3}.Release|x64.Build.0 = Release|x64
		{314AD84F-1736-415A-98BD-33129F049FE3}.Release|x86.ActiveCfg = Release|Win32
		{314AD84F-1736-415A-98BD-33129F049FE3}.Release|x86.Build.0 = Release|Win32
		{7A9D11F2-7CA7-46B1-83BB-87E92EC3C376}.Debug|ARM.ActiveCfg = Debug|Win32
		{7A9D11F2-7CA7-46B1-83BB-87E92EC3C376}.Debug|x64.ActiveCfg = Debug|x64
		{7A9D11F2-7CA7-46B1-83BB-87E92EC3C376}.Debug|x64.Build.0 = Debug|x64
		{7A9D11F2-7CA7-46B1-83BB-87E92EC3C376}.Debug|x86.ActiveCfg = Debug|Win32
		{7A9D11F2-7CA7-46B1-83BB-87E92EC3C376}.Debug|x86.Build.0 = Debug|Win32
		{7A9D11F2-7CA7-46B1-83BB-87E92EC3C376}.Release|ARM.ActiveCfg = Release|Win32
		{7A9D11F2-7CA7-46B1-83BB-87E92EC3C376}.Release|x64.ActiveCfg = Release|x64
		{7A9D11F2-7CA7-46B1-83BB-87E92EC3C376}.Release|x64.Build.0 = Release|x64
		{7A9D11F2-7CA7-46B1-83BB-87E92EC3C376}.Release|x86.ActiveCfg = Release|Win32
		{7A9D11F2-7CA7-46B1-83BB-87E92EC3C376}.Release|x86.Build.0 = Release|Win32
		{B5A2CF2A-73AB-41C0-8127-48EEBC8328A2}.Debug|ARM.ActiveCfg = Debug|Win32
		{B5A2CF2A-73AB-41C0-8127-48EEBC8328A2}.Debug|x64.ActiveCfg = Debug|x64
		{B5A2CF2A-73AB-41C0-8127-48EEBC8328A2}.Debug|x64.Build.0 = Debug|x64
		{B5A2CF2A-73AB-41C0-8127-48EEBC8328A2}.Debug|x86.ActiveCfg = Debug|Win32
		{B5A2CF2A-73AB-41C0-8127-48EEBC8328A2}.Debug|x86.Build.0 = Debug|Win32
		{B5A2CF2A-73AB-41C0-8127-48EEBC8328A2}.Release|ARM.ActiveCfg = Release|Win32
		{B5A2CF2A-73AB-41C0-8127-48EEBC8328A2}.Release|x64.ActiveCfg = Release|x64
		{B5A2CF2A-73AB-41C0-8127-48EEBC8328A2}.Release|x64.Build.0 = Release|x64
		{B5A2CF2A-73AB-41C0-8127-48EEBC8328A2}.Release|x86.ActiveCfg = Release|Win32
		{B5A2CF2A-73AB-41C0-8127-48EEBC8328A2}.Release|x86.Build.0 = Release|Win32
		{6F062186-3ADF-417F-A7FC-23AEF4530FB0}.Debug|ARM.ActiveCfg = Debug|Win32
		{6F062186-3ADF-417F-A7FC-23AEF4530FB0}.Debug|x64.ActiveCfg = Debug|x64
		{6F062186-3ADF-417F-A7FC-23AEF4530FB0}.Debug|x64.Build.0 = Debug|x64
		{6F062186-3ADF-417F-A7FC-23AEF4530FB0}.Debug|x86.ActiveCfg = Debug|Win32
		{6F062186-3ADF-417F-A7FC-23AEF4530FB0}.Debug|x86.Build.0 = Debug|Win32
		{6F062186-3ADF-417F-A7FC-23AEF4530FB0}.Release|ARM.ActiveCfg = Release|Win32
		{6F062186-3ADF-417F-A7FC-23AEF4530FB0}.Release|x64.ActiveCfg = Release|x64
		{6F062186-3ADF-417F-A7FC-23AEF4530FB0}.Release|x64.Build.0 = Release|x64
		{6F062186-3ADF-417F-A7FC-23AEF4530FB0}.Release|x86.ActiveCfg = Release|Win32
		{6F062186-3ADF-417F-A7FC-23AEF4530FB0}.Release|x86.Build.0 = Release|Win32
		{976B93C9-9D4A-4F5D-9D8C-72110BD753C7}.Debug|ARM.ActiveCfg = Debug|Win32
		{976B93C9-9D4A-4F5D-9D8C-72110BD753C7}.Debug|x64.ActiveCfg = Debug|x64
		{976B93C9-9D4A-4F5D-9D8C-72110BD753C7}.Debug|x64.Build.0 = Debug|x64
		{976B93C9-9D4A-4F5D-9D8C-72110BD753C7}.Debug|x86.ActiveCfg = Debug|Win32
		{976B93C9-9D4A-4F5D-9D8C-72110BD753C7}.Debug|x86.Build.0 = Debug|Win32
		{976B93C9-9D4A-4F5D-9D8C-72110BD753C7}.Release|ARM.ActiveCfg = Release|Win32
		{976B93C9-9D4A-4F5D-9D8C-72110BD753C7}.Release|x64.ActiveCfg = Release|x64
		{976B93C9-9D4A-4F5D-9D8C-72110BD753C7}.Release|x64.Build.0 = Release|x64
		{976B93C9-9D4A-4F5D-9D8C-72110BD753C7}.Release|x86.ActiveCfg = Release|Win32
		{976B93C9-9D4A-4F5D-9D8C-72110BD753C7}.Release|x86.Build.0 = Release|Win32
		{D253BEDB-18B8-412A-A6D9-962C54209B52}.Debug|ARM.ActiveCfg = Debug|Win32
		{D253BEDB-18B8-412A-A6D9-962C54209B52}.Debug|x64.ActiveCfg = Debug|x64
		{D253BEDB-18B8-412A-A6D9-962C54209B52}.Debug|x64.Build.0 = Debug|x64
		{D253BEDB-18B8-412A-A6D9-962C54209B52}.Debug|x86.ActiveCfg = Debug|Win32
		{D253BEDB-18B8-412A-A6D9-962C54209B52}.Debug|x86.Build.0 = Debug|Win32
		{D253BEDB-18B8-412A-A6D9-962C54209B52}.Release|ARM.ActiveCfg = Release|Win32
		{D253BEDB-18B8-412A-A6D9-962C54209B52}.Release|x64.ActiveCfg = Release|x64
		{D253BEDB-18B8-412A-A6D9-962C54209B52}.Release|x64.Build.0 = Release|x64
		{D253BEDB-18B8-412A-A6D9-962C54209B52}.Release|x86.ActiveCfg = Release|Win32
		{D253BEDB-18B8-412A-A6D9-962C54209B52}.Release|x86.Build.0 = Release|Win32
		{6AAFB8D0-80E0-47F1-BCC0-AA30473B9FFF}.Debug|ARM.ActiveCfg = Debug|Win32
		{6AAFB8D0-80E0-47F1-BCC0-AA30473B9FFF}.Debug|x64.ActiveCfg = Debug|x64
		{6AAFB8D0-80E0-47F1-BCC0-AA30473B9FFF}.Debug|x64.Build.0 = Debug|x64
		{6AAFB8D0-80E0-47F1-BCC0-AA30473B9FFF}.Debug|x86.ActiveCfg = Debug|Win32
		{6AAFB8D0-80E0-47F1-BCC0-AA30473B9FFF}.Debug|x86.Build.0 = Debug|Win32
		{6AAFB8D0-80E0-47F1-BCC0-AA30473B9FFF}.Release|ARM.ActiveCfg = Release|Win32
		{6AAFB8D0-80E0-47F1-BCC0-AA30473B9FFF}.Release|x64.ActiveCfg = Release|x64
		{6AAFB8D0-80E0-47F1-BCC0-AA30473B9FFF}.Release|x64.Build.0 = Release|x64
		{6AAFB8D0-80E0-47F1-BCC0-AA30473B9FFF}.Release|x86.ActiveCfg = Release|Win32
		{6AAFB8D0-80E0-47F1-BCC0-AA30473B9FFF}.Release|x86.Build.0 = Release|Win32
	EndGlobalSection
	GlobalSection(SolutionProperties) = preSolution
		HideSolutionNode = FALSE
	EndGlobalSection
	GlobalSection(NestedProjects) = preSolution
		{C30F3FA9-E382-438B-B831-6A6F6FCBD384} = {78D7A5D9-4F2F-4ACF-9498-55D87F37A652}
		{976B93C9-9D4A-4F5D-9D8C-72110BD753C7} = {78D7A5D9-4F2F-4ACF-9498-55D87F37A652}
		{D253BEDB-18B8-412A-A6D9-962C54209B52} = {78D7A5D9-4F2F-4ACF-9498-55D87F37A652}
		{6AAFB8D0-80E0-47F1-BCC0-AA30473B9FFF} = {78D7A5D9-4F2F-4ACF-9498-55D87F37A652}
		{B0FE8753-367A-4CF3-BD85-5D0CF672F17A} = {C60BE47B-FBDC-490F-BDE6-9C7F8ED5881F}
		{4C7A6B0B-E7CD-4866-B642-1909495B8682} = {C60BE47B-FBDC-490F-BDE6-9C7F8ED5881F}
		{22D82DC4-66CE-4D75-960F-CD0A5A40C519} = {C60BE47B-FBDC-490F-BDE6-9C7F8ED5881F}
		{314AD84F-1736-415A-98BD-33129F049FE3} = {C60BE47B-FBDC-490F-BDE6-9C7F8ED5881F}
		{6F062186-3ADF-417F-A7FC-23AEF4530FB0} = {C60BE47B-FBDC-490F-BDE6-9C7F8ED5881F}
		{B5633A5B-A64E-4EF9-BFC2-5069502EE175} = {B0FE8753-367A-4CF3-BD85-5D0CF672F17A}
		{7A9D11F2-7CA7-46B1-83BB-87E92EC3C376} = {820FC6E3-37EC-436C-B11F-17C34ACCF6D1}
		{B5A2CF2A-73AB-41C0-8127-48EEBC8328A2} = {820FC6E3-37EC-436C-B11F-17C34ACCF6D1}
	EndGlobalSection
EndGlobal
