<?xml version="1.0" encoding="utf-8"?>
<Project ToolsVersion="4.0" xmlns="http://schemas.microsoft.com/developer/msbuild/2003">
  <ItemGroup>
    <Filter Include="Source Files">
      <UniqueIdentifier>{4FC737F1-C7A5-4376-A066-2A32D752A2FF}</UniqueIdentifier>
      <Extensions>cpp;c;cc;cxx;def;odl;idl;hpj;bat;asm;asmx</Extensions>
    </Filter>
    <Filter Include="Header Files">
      <UniqueIdentifier>{93995380-89BD-4b04-88EB-625FBE52EBFB}</UniqueIdentifier>
      <Extensions>h;hh;hpp;hxx;hm;inl;inc;xsd</Extensions>
    </Filter>
    <Filter Include="Header Files\aalsdk">
      <UniqueIdentifier>{1df54978-58a5-42f3-b899-77c27afa985c}</UniqueIdentifier>
    </Filter>
  </ItemGroup>
  <ItemGroup>
    <ClCompile Include="..\_xlMessageDelivery.cpp">
      <Filter>Source Files</Filter>
    </ClCompile>
    <ClCompile Include="..\_xlRuntimeImpl.cpp">
      <Filter>Source Files</Filter>
    </ClCompile>
    <ClCompile Include="..\_xlServiceBroker.cpp">
      <Filter>Source Files</Filter>
    </ClCompile>
    <ClCompile Include="..\ServiceHost.cpp">
      <Filter>Source Files</Filter>
    </ClCompile>
    <ClCompile Include="..\xlrtlib.cpp">
      <Filter>Source Files</Filter>
    </ClCompile>
    <ClCompile Include="..\xlRuntime.cpp">
      <Filter>Source Files</Filter>
    </ClCompile>
  </ItemGroup>
  <ItemGroup>
    <ClInclude Include="..\_xlMessageDelivery.h">
      <Filter>Header Files</Filter>
    </ClInclude>
    <ClInclude Include="..\_xlRuntimeImpl.h">
      <Filter>Header Files</Filter>
    </ClInclude>
    <ClInclude Include="..\_xlServiceBroker.h">
      <Filter>Header Files</Filter>
    </ClInclude>
    <ClInclude Include="..\..\..\include\aalsdk\xlRuntime.h">
      <Filter>Header Files\aalsdk</Filter>
    </ClInclude>
  </ItemGroup>
</Project>